PODS:
  - Realm (3.8.0):
    - Realm/Headers (= 3.8.0)
  - Realm/Headers (3.8.0)
  - RealmSwift (3.8.0):
    - Realm (= 3.8.0)
  - SnapKit (4.0.0)

DEPENDENCIES:
  - RealmSwift
  - SnapKit

SPEC REPOS:
  https://github.com/cocoapods/specs.git:
    - Realm
    - RealmSwift
    - SnapKit

SPEC CHECKSUMS:
  Realm: 3fdae59de78838064e9f77638d7cdb7b8cff9dc8
  RealmSwift: c990518b800e106d1f77099d3a4648c3b100337d
  SnapKit: a42d492c16e80209130a3379f73596c3454b7694

PODFILE CHECKSUM: 403b26281496970df821843b838aa6f77f911f96

COCOAPODS: 1.5.3
