PODS:
  - GRDB.swift (3.2.0)
  - SnapKit (4.0.0)

DEPENDENCIES:
  - GRDB.swift
  - SnapKit

SPEC REPOS:
  https://github.com/cocoapods/specs.git:
    - GRDB.swift
    - SnapKit

SPEC CHECKSUMS:
  GRDB.swift: c5bb04b25a9931fec937920e913787e45f96124f
  SnapKit: a42d492c16e80209130a3379f73596c3454b7694

PODFILE CHECKSUM: 9cc773236da9fd192865ee60068dad04fc5de7c2

COCOAPODS: 1.6.0.beta.1
