PODS:
  - CSV.swift (2.4.0)
  - GRDB.swift (4.0.1):
    - GRDB.swift/standard (= 4.0.1)
  - GRDB.swift/standard (4.0.1)

DEPENDENCIES:
  - CSV.swift
  - GRDB.swift

SPEC REPOS:
  trunk:
    - CSV.swift
    - GRDB.swift

SPEC CHECKSUMS:
  CSV.swift: 947283699fe698d08a4d675d9e642c2bf32418a8
  GRDB.swift: 106a830decf1d92a3fc63c6d6a2f6586f6187297

PODFILE CHECKSUM: 12847d8b2c87a4846ea40eabba285261a78fee9b

COCOAPODS: 1.11.3
