// !$*UTF8*$!
{
	archiveVersion = 1;
	classes = {
	};
	objectVersion = 51;
	objects = {

/* Begin PBXBuildFile section */
		716FB20B686554338A6BCD4B /* Pods_YDNYNAB.framework in Frameworks */ = {isa = PBXBuildFile; fileRef = 65D8641886E2129C92915A78 /* Pods_YDNYNAB.framework */; };
		D0144ADB2219EEE000BE33BD /* KeyCode.swift in Sources */ = {isa = PBXBuildFile; fileRef = D0144ADA2219EEE000BE33BD /* KeyCode.swift */; };
		D0144ADD222C563900BE33BD /* Transaction+Queries.swift in Sources */ = {isa = PBXBuildFile; fileRef = D0144ADC222C563900BE33BD /* Transaction+Queries.swift */; };
		D0144ADF222C591200BE33BD /* Transaction+Filter.swift in Sources */ = {isa = PBXBuildFile; fileRef = D0144ADE222C591200BE33BD /* Transaction+Filter.swift */; };
		D014C52521E14AC900B8D33D /* Transaction+OFX.swift in Sources */ = {isa = PBXBuildFile; fileRef = D014C52421E14AC900B8D33D /* Transaction+OFX.swift */; };
		D014C52821E1674800B8D33D /* PayeeRenameRule.swift in Sources */ = {isa = PBXBuildFile; fileRef = D014C52721E1674800B8D33D /* PayeeRenameRule.swift */; };
		D014C52A21E16C1E00B8D33D /* Payee+Queries.swift in Sources */ = {isa = PBXBuildFile; fileRef = D014C52921E16C1E00B8D33D /* Payee+Queries.swift */; };
		D014C53521EA5F2D00B8D33D /* NSView+AutoLayout.swift in Sources */ = {isa = PBXBuildFile; fileRef = D014C53421EA5F2D00B8D33D /* NSView+AutoLayout.swift */; };
		D014C53721EA809900B8D33D /* PayeeSettingsViewController.swift in Sources */ = {isa = PBXBuildFile; fileRef = D014C53621EA809900B8D33D /* PayeeSettingsViewController.swift */; };
		D014C53A21EA811600B8D33D /* PayeeSettingsSelectorViewController.swift in Sources */ = {isa = PBXBuildFile; fileRef = D014C53821EA811600B8D33D /* PayeeSettingsSelectorViewController.swift */; };
		D014C53B21EA811600B8D33D /* PayeeSettingsEditorViewController.swift in Sources */ = {isa = PBXBuildFile; fileRef = D014C53921EA811600B8D33D /* PayeeSettingsEditorViewController.swift */; };
		D014C53D21EA8F6400B8D33D /* YDNTableCellView.swift in Sources */ = {isa = PBXBuildFile; fileRef = D014C53C21EA8F6400B8D33D /* YDNTableCellView.swift */; };
		D03714A921DBDBFA0093CFC0 /* BudgetPackageWrapper.swift in Sources */ = {isa = PBXBuildFile; fileRef = D03714A821DBDBFA0093CFC0 /* BudgetPackageWrapper.swift */; };
		D03714AB21DBE1DC0093CFC0 /* BudgetWindowController.swift in Sources */ = {isa = PBXBuildFile; fileRef = D03714AA21DBE1DC0093CFC0 /* BudgetWindowController.swift */; };
		D03714AD21DC07F20093CFC0 /* budget-icon.icns in Resources */ = {isa = PBXBuildFile; fileRef = D03714AC21DC07F20093CFC0 /* budget-icon.icns */; };
		D03714B021DD64D50093CFC0 /* OFXImporter.swift in Sources */ = {isa = PBXBuildFile; fileRef = D03714AF21DD64D50093CFC0 /* OFXImporter.swift */; };
		D03E98AA21DFCCF800FF5C12 /* libofx-ObjC.a in Frameworks */ = {isa = PBXBuildFile; fileRef = D0A3F1BF21DFCAC4001B24AA /* libofx-ObjC.a */; };
		D03E98B921DFE83B00FF5C12 /* OFXReader.m in Sources */ = {isa = PBXBuildFile; fileRef = D03E98B721DFE83B00FF5C12 /* OFXReader.m */; };
		D03E98BD21DFED4B00FF5C12 /* Module.modulemap in CopyFiles */ = {isa = PBXBuildFile; fileRef = D03E98BB21DFECAD00FF5C12 /* Module.modulemap */; };
		D03E98BE21DFED6B00FF5C12 /* libofx-ObjC.h in Headers */ = {isa = PBXBuildFile; fileRef = D03E98BA21DFEB2900FF5C12 /* libofx-ObjC.h */; settings = {ATTRIBUTES = (Public, ); }; };
		D03E98C021DFF13000FF5C12 /* OFXReader.h in Headers */ = {isa = PBXBuildFile; fileRef = D03E98B621DFE83B00FF5C12 /* OFXReader.h */; settings = {ATTRIBUTES = (Public, ); }; };
		D03E98C321DFFB6B00FF5C12 /* OFXAccount.h in Headers */ = {isa = PBXBuildFile; fileRef = D03E98C121DFFB6B00FF5C12 /* OFXAccount.h */; settings = {ATTRIBUTES = (Public, ); }; };
		D03E98C421DFFB6B00FF5C12 /* OFXAccount.m in Sources */ = {isa = PBXBuildFile; fileRef = D03E98C221DFFB6B00FF5C12 /* OFXAccount.m */; };
		D03E98C721DFFB7900FF5C12 /* OFXStatement.h in Headers */ = {isa = PBXBuildFile; fileRef = D03E98C521DFFB7900FF5C12 /* OFXStatement.h */; settings = {ATTRIBUTES = (Public, ); }; };
		D03E98C821DFFB7900FF5C12 /* OFXStatement.m in Sources */ = {isa = PBXBuildFile; fileRef = D03E98C621DFFB7900FF5C12 /* OFXStatement.m */; };
		D03E98CB21DFFB8900FF5C12 /* OFXTransaction.h in Headers */ = {isa = PBXBuildFile; fileRef = D03E98C921DFFB8900FF5C12 /* OFXTransaction.h */; settings = {ATTRIBUTES = (Public, ); }; };
		D03E98CC21DFFB8900FF5C12 /* OFXTransaction.m in Sources */ = {isa = PBXBuildFile; fileRef = D03E98CA21DFFB8900FF5C12 /* OFXTransaction.m */; };
		D03E98CE21E01A7100FF5C12 /* libosp.a in Frameworks */ = {isa = PBXBuildFile; fileRef = D03E98B321DFD97400FF5C12 /* libosp.a */; };
		D03E98CF21E01A8E00FF5C12 /* libofx.a in Frameworks */ = {isa = PBXBuildFile; fileRef = D0A3F1A421DFC880001B24AA /* libofx.a */; };
		D03E98D021E01A9700FF5C12 /* libiconv.tbd in Frameworks */ = {isa = PBXBuildFile; fileRef = D03E98B021DFD81700FF5C12 /* libiconv.tbd */; };
		D04FB0E621509E41008880B7 /* Theme.swift in Sources */ = {isa = PBXBuildFile; fileRef = D04FB0E521509E41008880B7 /* Theme.swift */; };
		D04FB0E92151F2BC008880B7 /* YDNTextField.swift in Sources */ = {isa = PBXBuildFile; fileRef = D04FB0E82151F2BC008880B7 /* YDNTextField.swift */; };
		D04FB0EB215DC069008880B7 /* Toaster.swift in Sources */ = {isa = PBXBuildFile; fileRef = D04FB0EA215DC069008880B7 /* Toaster.swift */; };
		D051057A213B5C3F008133B5 /* AppDelegate.swift in Sources */ = {isa = PBXBuildFile; fileRef = D0510579213B5C3F008133B5 /* AppDelegate.swift */; };
		D051057C213B5C40008133B5 /* Assets.xcassets in Resources */ = {isa = PBXBuildFile; fileRef = D051057B213B5C40008133B5 /* Assets.xcassets */; };
		D0510588213B6230008133B5 /* MainTabViewController.swift in Sources */ = {isa = PBXBuildFile; fileRef = D0510587213B6230008133B5 /* MainTabViewController.swift */; };
		D051058A213B6A34008133B5 /* BudgetOverviewViewController.swift in Sources */ = {isa = PBXBuildFile; fileRef = D0510589213B6A34008133B5 /* BudgetOverviewViewController.swift */; };
		D06C648421420667000EF618 /* BudgetMonthTotalsView.swift in Sources */ = {isa = PBXBuildFile; fileRef = D06C648321420667000EF618 /* BudgetMonthTotalsView.swift */; };
		D06C648621421004000EF618 /* MainSplitViewControllerView.swift in Sources */ = {isa = PBXBuildFile; fileRef = D06C648521421004000EF618 /* MainSplitViewControllerView.swift */; };
		D06C648A21421D0F000EF618 /* BudgetMonthTableRowView.swift in Sources */ = {isa = PBXBuildFile; fileRef = D06C648921421D0F000EF618 /* BudgetMonthTableRowView.swift */; };
		D06C648E21432CC9000EF618 /* YNABBudgetImporter.swift in Sources */ = {isa = PBXBuildFile; fileRef = D06C648D21432CC9000EF618 /* YNABBudgetImporter.swift */; };
		D0AA343A21727BC100E8A973 /* Hoverable.swift in Sources */ = {isa = PBXBuildFile; fileRef = D0AA343921727BC100E8A973 /* Hoverable.swift */; };
		D0AA343E2173D2BC00E8A973 /* RegisterViewDataSource.swift in Sources */ = {isa = PBXBuildFile; fileRef = D0E4E3F1214DA22A006B4F6E /* RegisterViewDataSource.swift */; };
		D0AA343F2173D32600E8A973 /* BudgetCategoriesViewDataSource.swift in Sources */ = {isa = PBXBuildFile; fileRef = D0E4E3E5214469A8006B4F6E /* BudgetCategoriesViewDataSource.swift */; };
		D0AA34402173D36900E8A973 /* BudgetMonthTableDataSource.swift in Sources */ = {isa = PBXBuildFile; fileRef = D06C648721421BF9000EF618 /* BudgetMonthTableDataSource.swift */; };
		D0AA34412173D3BF00E8A973 /* RegisterViewDataSourceFilter.swift in Sources */ = {isa = PBXBuildFile; fileRef = D0AA34362172693200E8A973 /* RegisterViewDataSourceFilter.swift */; };
		D0AA34422173D43500E8A973 /* YNABTransactionImporter.swift in Sources */ = {isa = PBXBuildFile; fileRef = D06C648F21432CD3000EF618 /* YNABTransactionImporter.swift */; };
		D0AA34452173D51900E8A973 /* YDNDatabase.swift in Sources */ = {isa = PBXBuildFile; fileRef = D0AA34442173D51900E8A973 /* YDNDatabase.swift */; };
		D0AA344A2175908A00E8A973 /* BudgetMasterCategory+Queries.swift in Sources */ = {isa = PBXBuildFile; fileRef = D0AA34492175908A00E8A973 /* BudgetMasterCategory+Queries.swift */; };
		D0AA344C2175A11000E8A973 /* BudgetSubCategory+Queries.swift in Sources */ = {isa = PBXBuildFile; fileRef = D0AA344B2175A11000E8A973 /* BudgetSubCategory+Queries.swift */; };
		D0AD2DCF21AB1EA9009A62FA /* YDNTableView.swift in Sources */ = {isa = PBXBuildFile; fileRef = D0AD2DCE21AB1EA9009A62FA /* YDNTableView.swift */; };
		D0C4BFC62299A22A00F297F6 /* NSOutlineView+Utils.swift in Sources */ = {isa = PBXBuildFile; fileRef = D0C4BFC52299A22A00F297F6 /* NSOutlineView+Utils.swift */; };
		D0C4BFC8229B381C00F297F6 /* RegisterEditController.swift in Sources */ = {isa = PBXBuildFile; fileRef = D0C4BFC7229B381C00F297F6 /* RegisterEditController.swift */; };
		D0CE3BE3213F6B7B00798CF5 /* BudgetOverviewView.swift in Sources */ = {isa = PBXBuildFile; fileRef = D0CE3BE2213F6B7B00798CF5 /* BudgetOverviewView.swift */; };
		D0CE3BE5213F728C00798CF5 /* main.swift in Sources */ = {isa = PBXBuildFile; fileRef = D0CE3BE4213F728C00798CF5 /* main.swift */; };
		D0CE3BE9213F7B7500798CF5 /* BudgetMonthSheetViewController.swift in Sources */ = {isa = PBXBuildFile; fileRef = D0CE3BE8213F7B7500798CF5 /* BudgetMonthSheetViewController.swift */; };
		D0CE3BEB213F7B8200798CF5 /* BudgetMonthSheetView.swift in Sources */ = {isa = PBXBuildFile; fileRef = D0CE3BEA213F7B8200798CF5 /* BudgetMonthSheetView.swift */; };
		D0CE3BED213F7C4A00798CF5 /* BudgetMonthSummaryView.swift in Sources */ = {isa = PBXBuildFile; fileRef = D0CE3BEC213F7C4A00798CF5 /* BudgetMonthSummaryView.swift */; };
		D0E4E3CD21433671006B4F6E /* BudgetMasterCategory.swift in Sources */ = {isa = PBXBuildFile; fileRef = D0E4E3CC21433671006B4F6E /* BudgetMasterCategory.swift */; };
		D0E4E3CF214336B7006B4F6E /* BudgetSubcategory.swift in Sources */ = {isa = PBXBuildFile; fileRef = D0E4E3CE214336B7006B4F6E /* BudgetSubcategory.swift */; };
		D0E4E3D1214336F1006B4F6E /* BudgetLine.swift in Sources */ = {isa = PBXBuildFile; fileRef = D0E4E3D0214336F1006B4F6E /* BudgetLine.swift */; };
		D0E4E3D3214349A7006B4F6E /* Account.swift in Sources */ = {isa = PBXBuildFile; fileRef = D0E4E3D2214349A7006B4F6E /* Account.swift */; };
		D0E4E3D521434A59006B4F6E /* Payee.swift in Sources */ = {isa = PBXBuildFile; fileRef = D0E4E3D421434A59006B4F6E /* Payee.swift */; };
		D0E4E3D721434A67006B4F6E /* Transaction.swift in Sources */ = {isa = PBXBuildFile; fileRef = D0E4E3D621434A67006B4F6E /* Transaction.swift */; };
		D0E4E3D9214355BC006B4F6E /* MenuBar.swift in Sources */ = {isa = PBXBuildFile; fileRef = D0E4E3D8214355BC006B4F6E /* MenuBar.swift */; };
		D0E4E3DB214369FC006B4F6E /* BudgetMonthCurrencyTableCellView.swift in Sources */ = {isa = PBXBuildFile; fileRef = D0E4E3DA214369FC006B4F6E /* BudgetMonthCurrencyTableCellView.swift */; };
		D0E4E3DD21439151006B4F6E /* NSView+Extensions.swift in Sources */ = {isa = PBXBuildFile; fileRef = D0E4E3DC21439151006B4F6E /* NSView+Extensions.swift */; };
		D0E4E3DF21445853006B4F6E /* DraggableSeparatorView.swift in Sources */ = {isa = PBXBuildFile; fileRef = D0E4E3DE21445853006B4F6E /* DraggableSeparatorView.swift */; };
		D0E4E3E2214459B7006B4F6E /* BudgetCategoriesViewController.swift in Sources */ = {isa = PBXBuildFile; fileRef = D0E4E3E1214459B7006B4F6E /* BudgetCategoriesViewController.swift */; };
		D0E4E3E4214459C6006B4F6E /* BudgetCategoriesView.swift in Sources */ = {isa = PBXBuildFile; fileRef = D0E4E3E3214459C6006B4F6E /* BudgetCategoriesView.swift */; };
		D0E4E3E9214587D2006B4F6E /* DateUtils.swift in Sources */ = {isa = PBXBuildFile; fileRef = D0E4E3E8214587D2006B4F6E /* DateUtils.swift */; };
		D0E4E3EC214D935F006B4F6E /* RegisterViewController.swift in Sources */ = {isa = PBXBuildFile; fileRef = D0E4E3EB214D935F006B4F6E /* RegisterViewController.swift */; };
		D0E4E3EE214D9D5A006B4F6E /* RegisterView.swift in Sources */ = {isa = PBXBuildFile; fileRef = D0E4E3ED214D9D5A006B4F6E /* RegisterView.swift */; };
		D0E4E3F0214DA15F006B4F6E /* NSTableView+Extensions.swift in Sources */ = {isa = PBXBuildFile; fileRef = D0E4E3EF214DA15F006B4F6E /* NSTableView+Extensions.swift */; };
		D0E4E3F4214DA93F006B4F6E /* RegisterCell.swift in Sources */ = {isa = PBXBuildFile; fileRef = D0E4E3F3214DA93F006B4F6E /* RegisterCell.swift */; };
		D0E4E3F6214EFBD5006B4F6E /* YDNOutlineView.swift in Sources */ = {isa = PBXBuildFile; fileRef = D0E4E3F5214EFBD5006B4F6E /* YDNOutlineView.swift */; };
		D0E4E3F8214F0A71006B4F6E /* NSTableCellView+Extensions.swift in Sources */ = {isa = PBXBuildFile; fileRef = D0E4E3F7214F0A71006B4F6E /* NSTableCellView+Extensions.swift */; };
		D0E4E3FA214F13AC006B4F6E /* RegisterRowView.swift in Sources */ = {isa = PBXBuildFile; fileRef = D0E4E3F9214F13AC006B4F6E /* RegisterRowView.swift */; };
		D0F8F5DD21B31C6300D92316 /* BudgetMonthSheetKeyViewProvider.swift in Sources */ = {isa = PBXBuildFile; fileRef = D0F8F5DC21B31C6300D92316 /* BudgetMonthSheetKeyViewProvider.swift */; };
		D0F8F5E021B3200800D92316 /* BudgetUpdater.swift in Sources */ = {isa = PBXBuildFile; fileRef = D0F8F5DF21B3200800D92316 /* BudgetUpdater.swift */; };
		D0F8F5E421B3204B00D92316 /* BudgetContext.swift in Sources */ = {isa = PBXBuildFile; fileRef = D0F8F5E321B3204B00D92316 /* BudgetContext.swift */; };
		D0F8F5E621B323A500D92316 /* TransactionUpdater.swift in Sources */ = {isa = PBXBuildFile; fileRef = D0F8F5E521B323A500D92316 /* TransactionUpdater.swift */; };
		D0F8F5E821B324A900D92316 /* BudgetLine+Queries.swift in Sources */ = {isa = PBXBuildFile; fileRef = D0F8F5E721B324A900D92316 /* BudgetLine+Queries.swift */; };
		D0F8F5EA21B3252000D92316 /* MonthYear.swift in Sources */ = {isa = PBXBuildFile; fileRef = D0F8F5E921B3252000D92316 /* MonthYear.swift */; };
/* End PBXBuildFile section */

/* Begin PBXContainerItemProxy section */
		D03E98AB21DFCCFF00FF5C12 /* PBXContainerItemProxy */ = {
			isa = PBXContainerItemProxy;
			containerPortal = D051056E213B5C3F008133B5 /* Project object */;
			proxyType = 1;
			remoteGlobalIDString = D0A3F1BE21DFCAC4001B24AA;
			remoteInfo = "libofx-Swift";
		};
/* End PBXContainerItemProxy section */

/* Begin PBXCopyFilesBuildPhase section */
		D03E98BC21DFED3C00FF5C12 /* CopyFiles */ = {
			isa = PBXCopyFilesBuildPhase;
			buildActionMask = 2147483647;
			dstPath = "";
			dstSubfolderSpec = 7;
			files = (
				D03E98BD21DFED4B00FF5C12 /* Module.modulemap in CopyFiles */,
			);
			runOnlyForDeploymentPostprocessing = 0;
		};
		D0A3F1B821DFCA24001B24AA /* Embed Frameworks */ = {
			isa = PBXCopyFilesBuildPhase;
			buildActionMask = 2147483647;
			dstPath = "";
			dstSubfolderSpec = 10;
			files = (
			);
			name = "Embed Frameworks";
			runOnlyForDeploymentPostprocessing = 0;
		};
/* End PBXCopyFilesBuildPhase section */

/* Begin PBXFileReference section */
		65D8641886E2129C92915A78 /* Pods_YDNYNAB.framework */ = {isa = PBXFileReference; explicitFileType = wrapper.framework; includeInIndex = 0; path = Pods_YDNYNAB.framework; sourceTree = BUILT_PRODUCTS_DIR; };
		C30E68D14AC51E317BFB6F54 /* Pods-YDNYNAB.release.xcconfig */ = {isa = PBXFileReference; includeInIndex = 1; lastKnownFileType = text.xcconfig; name = "Pods-YDNYNAB.release.xcconfig"; path = "Target Support Files/Pods-YDNYNAB/Pods-YDNYNAB.release.xcconfig"; sourceTree = "<group>"; };
		D0144ADA2219EEE000BE33BD /* KeyCode.swift */ = {isa = PBXFileReference; lastKnownFileType = sourcecode.swift; path = KeyCode.swift; sourceTree = "<group>"; };
		D0144ADC222C563900BE33BD /* Transaction+Queries.swift */ = {isa = PBXFileReference; lastKnownFileType = sourcecode.swift; path = "Transaction+Queries.swift"; sourceTree = "<group>"; };
		D0144ADE222C591200BE33BD /* Transaction+Filter.swift */ = {isa = PBXFileReference; lastKnownFileType = sourcecode.swift; path = "Transaction+Filter.swift"; sourceTree = "<group>"; };
		D014C52421E14AC900B8D33D /* Transaction+OFX.swift */ = {isa = PBXFileReference; lastKnownFileType = sourcecode.swift; path = "Transaction+OFX.swift"; sourceTree = "<group>"; };
		D014C52721E1674800B8D33D /* PayeeRenameRule.swift */ = {isa = PBXFileReference; lastKnownFileType = sourcecode.swift; path = PayeeRenameRule.swift; sourceTree = "<group>"; };
		D014C52921E16C1E00B8D33D /* Payee+Queries.swift */ = {isa = PBXFileReference; lastKnownFileType = sourcecode.swift; path = "Payee+Queries.swift"; sourceTree = "<group>"; };
		D014C53421EA5F2D00B8D33D /* NSView+AutoLayout.swift */ = {isa = PBXFileReference; lastKnownFileType = sourcecode.swift; path = "NSView+AutoLayout.swift"; sourceTree = "<group>"; };
		D014C53621EA809900B8D33D /* PayeeSettingsViewController.swift */ = {isa = PBXFileReference; lastKnownFileType = sourcecode.swift; path = PayeeSettingsViewController.swift; sourceTree = "<group>"; };
		D014C53821EA811600B8D33D /* PayeeSettingsSelectorViewController.swift */ = {isa = PBXFileReference; fileEncoding = 4; lastKnownFileType = sourcecode.swift; path = PayeeSettingsSelectorViewController.swift; sourceTree = "<group>"; };
		D014C53921EA811600B8D33D /* PayeeSettingsEditorViewController.swift */ = {isa = PBXFileReference; fileEncoding = 4; lastKnownFileType = sourcecode.swift; path = PayeeSettingsEditorViewController.swift; sourceTree = "<group>"; };
		D014C53C21EA8F6400B8D33D /* YDNTableCellView.swift */ = {isa = PBXFileReference; lastKnownFileType = sourcecode.swift; path = YDNTableCellView.swift; sourceTree = "<group>"; };
		D03714A821DBDBFA0093CFC0 /* BudgetPackageWrapper.swift */ = {isa = PBXFileReference; lastKnownFileType = sourcecode.swift; path = BudgetPackageWrapper.swift; sourceTree = "<group>"; };
		D03714AA21DBE1DC0093CFC0 /* BudgetWindowController.swift */ = {isa = PBXFileReference; lastKnownFileType = sourcecode.swift; path = BudgetWindowController.swift; sourceTree = "<group>"; };
		D03714AC21DC07F20093CFC0 /* budget-icon.icns */ = {isa = PBXFileReference; lastKnownFileType = image.icns; path = "budget-icon.icns"; sourceTree = "<group>"; };
		D03714AF21DD64D50093CFC0 /* OFXImporter.swift */ = {isa = PBXFileReference; lastKnownFileType = sourcecode.swift; path = OFXImporter.swift; sourceTree = "<group>"; };
		D03E98AD21DFD7BC00FF5C12 /* libxml2.tbd */ = {isa = PBXFileReference; lastKnownFileType = "sourcecode.text-based-dylib-definition"; name = libxml2.tbd; path = usr/lib/libxml2.tbd; sourceTree = SDKROOT; };
		D03E98B021DFD81700FF5C12 /* libiconv.tbd */ = {isa = PBXFileReference; lastKnownFileType = "sourcecode.text-based-dylib-definition"; name = libiconv.tbd; path = usr/lib/libiconv.tbd; sourceTree = SDKROOT; };
		D03E98B321DFD97400FF5C12 /* libosp.a */ = {isa = PBXFileReference; lastKnownFileType = archive.ar; name = libosp.a; path = "../../../../usr/local/Cellar/open-sp/1.5.2/lib/libosp.a"; sourceTree = "<group>"; };
		D03E98B621DFE83B00FF5C12 /* OFXReader.h */ = {isa = PBXFileReference; lastKnownFileType = sourcecode.c.h; path = OFXReader.h; sourceTree = "<group>"; };
		D03E98B721DFE83B00FF5C12 /* OFXReader.m */ = {isa = PBXFileReference; lastKnownFileType = sourcecode.c.objc; path = OFXReader.m; sourceTree = "<group>"; };
		D03E98BA21DFEB2900FF5C12 /* libofx-ObjC.h */ = {isa = PBXFileReference; lastKnownFileType = sourcecode.c.h; path = "libofx-ObjC.h"; sourceTree = "<group>"; };
		D03E98BB21DFECAD00FF5C12 /* Module.modulemap */ = {isa = PBXFileReference; lastKnownFileType = "sourcecode.module-map"; path = Module.modulemap; sourceTree = "<group>"; };
		D03E98C121DFFB6B00FF5C12 /* OFXAccount.h */ = {isa = PBXFileReference; lastKnownFileType = sourcecode.c.h; path = OFXAccount.h; sourceTree = "<group>"; };
		D03E98C221DFFB6B00FF5C12 /* OFXAccount.m */ = {isa = PBXFileReference; lastKnownFileType = sourcecode.c.objc; path = OFXAccount.m; sourceTree = "<group>"; };
		D03E98C521DFFB7900FF5C12 /* OFXStatement.h */ = {isa = PBXFileReference; lastKnownFileType = sourcecode.c.h; path = OFXStatement.h; sourceTree = "<group>"; };
		D03E98C621DFFB7900FF5C12 /* OFXStatement.m */ = {isa = PBXFileReference; lastKnownFileType = sourcecode.c.objc; path = OFXStatement.m; sourceTree = "<group>"; };
		D03E98C921DFFB8900FF5C12 /* OFXTransaction.h */ = {isa = PBXFileReference; lastKnownFileType = sourcecode.c.h; path = OFXTransaction.h; sourceTree = "<group>"; };
		D03E98CA21DFFB8900FF5C12 /* OFXTransaction.m */ = {isa = PBXFileReference; lastKnownFileType = sourcecode.c.objc; path = OFXTransaction.m; sourceTree = "<group>"; };
		D04FB0E521509E41008880B7 /* Theme.swift */ = {isa = PBXFileReference; lastKnownFileType = sourcecode.swift; path = Theme.swift; sourceTree = "<group>"; };
		D04FB0E82151F2BC008880B7 /* YDNTextField.swift */ = {isa = PBXFileReference; lastKnownFileType = sourcecode.swift; path = YDNTextField.swift; sourceTree = "<group>"; };
		D04FB0EA215DC069008880B7 /* Toaster.swift */ = {isa = PBXFileReference; lastKnownFileType = sourcecode.swift; path = Toaster.swift; sourceTree = "<group>"; };
		D0510576213B5C3F008133B5 /* YDNYNAB.app */ = {isa = PBXFileReference; explicitFileType = wrapper.application; includeInIndex = 0; path = YDNYNAB.app; sourceTree = BUILT_PRODUCTS_DIR; };
		D0510579213B5C3F008133B5 /* AppDelegate.swift */ = {isa = PBXFileReference; lastKnownFileType = sourcecode.swift; path = AppDelegate.swift; sourceTree = "<group>"; };
		D051057B213B5C40008133B5 /* Assets.xcassets */ = {isa = PBXFileReference; lastKnownFileType = folder.assetcatalog; path = Assets.xcassets; sourceTree = "<group>"; };
		D0510580213B5C40008133B5 /* Info.plist */ = {isa = PBXFileReference; lastKnownFileType = text.plist.xml; path = Info.plist; sourceTree = "<group>"; };
		D0510581213B5C40008133B5 /* YDNYNAB.entitlements */ = {isa = PBXFileReference; lastKnownFileType = text.plist.entitlements; path = YDNYNAB.entitlements; sourceTree = "<group>"; };
		D0510587213B6230008133B5 /* MainTabViewController.swift */ = {isa = PBXFileReference; lastKnownFileType = sourcecode.swift; path = MainTabViewController.swift; sourceTree = "<group>"; };
		D0510589213B6A34008133B5 /* BudgetOverviewViewController.swift */ = {isa = PBXFileReference; lastKnownFileType = sourcecode.swift; path = BudgetOverviewViewController.swift; sourceTree = "<group>"; };
		D06C648321420667000EF618 /* BudgetMonthTotalsView.swift */ = {isa = PBXFileReference; lastKnownFileType = sourcecode.swift; path = BudgetMonthTotalsView.swift; sourceTree = "<group>"; };
		D06C648521421004000EF618 /* MainSplitViewControllerView.swift */ = {isa = PBXFileReference; lastKnownFileType = sourcecode.swift; path = MainSplitViewControllerView.swift; sourceTree = "<group>"; };
		D06C648721421BF9000EF618 /* BudgetMonthTableDataSource.swift */ = {isa = PBXFileReference; lastKnownFileType = sourcecode.swift; path = BudgetMonthTableDataSource.swift; sourceTree = "<group>"; };
		D06C648921421D0F000EF618 /* BudgetMonthTableRowView.swift */ = {isa = PBXFileReference; lastKnownFileType = sourcecode.swift; path = BudgetMonthTableRowView.swift; sourceTree = "<group>"; };
		D06C648D21432CC9000EF618 /* YNABBudgetImporter.swift */ = {isa = PBXFileReference; lastKnownFileType = sourcecode.swift; path = YNABBudgetImporter.swift; sourceTree = "<group>"; };
		D06C648F21432CD3000EF618 /* YNABTransactionImporter.swift */ = {isa = PBXFileReference; lastKnownFileType = sourcecode.swift; path = YNABTransactionImporter.swift; sourceTree = "<group>"; };
		D0A3F1A421DFC880001B24AA /* libofx.a */ = {isa = PBXFileReference; lastKnownFileType = archive.ar; name = libofx.a; path = ../../../../usr/local/Cellar/libofx/0.9.13/lib/libofx.a; sourceTree = "<group>"; };
		D0A3F1BF21DFCAC4001B24AA /* libofx-ObjC.a */ = {isa = PBXFileReference; explicitFileType = archive.ar; includeInIndex = 0; path = "libofx-ObjC.a"; sourceTree = BUILT_PRODUCTS_DIR; };
		D0AA34362172693200E8A973 /* RegisterViewDataSourceFilter.swift */ = {isa = PBXFileReference; lastKnownFileType = sourcecode.swift; path = RegisterViewDataSourceFilter.swift; sourceTree = "<group>"; };
		D0AA343921727BC100E8A973 /* Hoverable.swift */ = {isa = PBXFileReference; lastKnownFileType = sourcecode.swift; path = Hoverable.swift; sourceTree = "<group>"; };
		D0AA34442173D51900E8A973 /* YDNDatabase.swift */ = {isa = PBXFileReference; lastKnownFileType = sourcecode.swift; path = YDNDatabase.swift; sourceTree = "<group>"; };
		D0AA34492175908A00E8A973 /* BudgetMasterCategory+Queries.swift */ = {isa = PBXFileReference; lastKnownFileType = sourcecode.swift; path = "BudgetMasterCategory+Queries.swift"; sourceTree = "<group>"; };
		D0AA344B2175A11000E8A973 /* BudgetSubCategory+Queries.swift */ = {isa = PBXFileReference; lastKnownFileType = sourcecode.swift; path = "BudgetSubCategory+Queries.swift"; sourceTree = "<group>"; };
		D0AD2DCE21AB1EA9009A62FA /* YDNTableView.swift */ = {isa = PBXFileReference; lastKnownFileType = sourcecode.swift; path = YDNTableView.swift; sourceTree = "<group>"; };
		D0C4BFC52299A22A00F297F6 /* NSOutlineView+Utils.swift */ = {isa = PBXFileReference; lastKnownFileType = sourcecode.swift; path = "NSOutlineView+Utils.swift"; sourceTree = "<group>"; };
		D0C4BFC7229B381C00F297F6 /* RegisterEditController.swift */ = {isa = PBXFileReference; lastKnownFileType = sourcecode.swift; path = RegisterEditController.swift; sourceTree = "<group>"; };
		D0CE3BE2213F6B7B00798CF5 /* BudgetOverviewView.swift */ = {isa = PBXFileReference; lastKnownFileType = sourcecode.swift; path = BudgetOverviewView.swift; sourceTree = "<group>"; };
		D0CE3BE4213F728C00798CF5 /* main.swift */ = {isa = PBXFileReference; lastKnownFileType = sourcecode.swift; path = main.swift; sourceTree = "<group>"; };
		D0CE3BE8213F7B7500798CF5 /* BudgetMonthSheetViewController.swift */ = {isa = PBXFileReference; lastKnownFileType = sourcecode.swift; path = BudgetMonthSheetViewController.swift; sourceTree = "<group>"; };
		D0CE3BEA213F7B8200798CF5 /* BudgetMonthSheetView.swift */ = {isa = PBXFileReference; lastKnownFileType = sourcecode.swift; path = BudgetMonthSheetView.swift; sourceTree = "<group>"; };
		D0CE3BEC213F7C4A00798CF5 /* BudgetMonthSummaryView.swift */ = {isa = PBXFileReference; lastKnownFileType = sourcecode.swift; path = BudgetMonthSummaryView.swift; sourceTree = "<group>"; };
		D0E4E3CC21433671006B4F6E /* BudgetMasterCategory.swift */ = {isa = PBXFileReference; lastKnownFileType = sourcecode.swift; path = BudgetMasterCategory.swift; sourceTree = "<group>"; };
		D0E4E3CE214336B7006B4F6E /* BudgetSubcategory.swift */ = {isa = PBXFileReference; lastKnownFileType = sourcecode.swift; path = BudgetSubcategory.swift; sourceTree = "<group>"; };
		D0E4E3D0214336F1006B4F6E /* BudgetLine.swift */ = {isa = PBXFileReference; lastKnownFileType = sourcecode.swift; path = BudgetLine.swift; sourceTree = "<group>"; };
		D0E4E3D2214349A7006B4F6E /* Account.swift */ = {isa = PBXFileReference; lastKnownFileType = sourcecode.swift; path = Account.swift; sourceTree = "<group>"; };
		D0E4E3D421434A59006B4F6E /* Payee.swift */ = {isa = PBXFileReference; lastKnownFileType = sourcecode.swift; path = Payee.swift; sourceTree = "<group>"; };
		D0E4E3D621434A67006B4F6E /* Transaction.swift */ = {isa = PBXFileReference; lastKnownFileType = sourcecode.swift; path = Transaction.swift; sourceTree = "<group>"; };
		D0E4E3D8214355BC006B4F6E /* MenuBar.swift */ = {isa = PBXFileReference; lastKnownFileType = sourcecode.swift; path = MenuBar.swift; sourceTree = "<group>"; };
		D0E4E3DA214369FC006B4F6E /* BudgetMonthCurrencyTableCellView.swift */ = {isa = PBXFileReference; lastKnownFileType = sourcecode.swift; path = BudgetMonthCurrencyTableCellView.swift; sourceTree = "<group>"; };
		D0E4E3DC21439151006B4F6E /* NSView+Extensions.swift */ = {isa = PBXFileReference; lastKnownFileType = sourcecode.swift; path = "NSView+Extensions.swift"; sourceTree = "<group>"; };
		D0E4E3DE21445853006B4F6E /* DraggableSeparatorView.swift */ = {isa = PBXFileReference; lastKnownFileType = sourcecode.swift; path = DraggableSeparatorView.swift; sourceTree = "<group>"; };
		D0E4E3E1214459B7006B4F6E /* BudgetCategoriesViewController.swift */ = {isa = PBXFileReference; lastKnownFileType = sourcecode.swift; path = BudgetCategoriesViewController.swift; sourceTree = "<group>"; };
		D0E4E3E3214459C6006B4F6E /* BudgetCategoriesView.swift */ = {isa = PBXFileReference; lastKnownFileType = sourcecode.swift; path = BudgetCategoriesView.swift; sourceTree = "<group>"; };
		D0E4E3E5214469A8006B4F6E /* BudgetCategoriesViewDataSource.swift */ = {isa = PBXFileReference; lastKnownFileType = sourcecode.swift; path = BudgetCategoriesViewDataSource.swift; sourceTree = "<group>"; };
		D0E4E3E8214587D2006B4F6E /* DateUtils.swift */ = {isa = PBXFileReference; lastKnownFileType = sourcecode.swift; path = DateUtils.swift; sourceTree = "<group>"; };
		D0E4E3EB214D935F006B4F6E /* RegisterViewController.swift */ = {isa = PBXFileReference; lastKnownFileType = sourcecode.swift; path = RegisterViewController.swift; sourceTree = "<group>"; };
		D0E4E3ED214D9D5A006B4F6E /* RegisterView.swift */ = {isa = PBXFileReference; lastKnownFileType = sourcecode.swift; path = RegisterView.swift; sourceTree = "<group>"; };
		D0E4E3EF214DA15F006B4F6E /* NSTableView+Extensions.swift */ = {isa = PBXFileReference; lastKnownFileType = sourcecode.swift; path = "NSTableView+Extensions.swift"; sourceTree = "<group>"; };
		D0E4E3F1214DA22A006B4F6E /* RegisterViewDataSource.swift */ = {isa = PBXFileReference; lastKnownFileType = sourcecode.swift; path = RegisterViewDataSource.swift; sourceTree = "<group>"; };
		D0E4E3F3214DA93F006B4F6E /* RegisterCell.swift */ = {isa = PBXFileReference; lastKnownFileType = sourcecode.swift; path = RegisterCell.swift; sourceTree = "<group>"; };
		D0E4E3F5214EFBD5006B4F6E /* YDNOutlineView.swift */ = {isa = PBXFileReference; lastKnownFileType = sourcecode.swift; path = YDNOutlineView.swift; sourceTree = "<group>"; };
		D0E4E3F7214F0A71006B4F6E /* NSTableCellView+Extensions.swift */ = {isa = PBXFileReference; lastKnownFileType = sourcecode.swift; path = "NSTableCellView+Extensions.swift"; sourceTree = "<group>"; };
		D0E4E3F9214F13AC006B4F6E /* RegisterRowView.swift */ = {isa = PBXFileReference; lastKnownFileType = sourcecode.swift; path = RegisterRowView.swift; sourceTree = "<group>"; };
		D0F8F5DC21B31C6300D92316 /* BudgetMonthSheetKeyViewProvider.swift */ = {isa = PBXFileReference; lastKnownFileType = sourcecode.swift; path = BudgetMonthSheetKeyViewProvider.swift; sourceTree = "<group>"; };
		D0F8F5DF21B3200800D92316 /* BudgetUpdater.swift */ = {isa = PBXFileReference; lastKnownFileType = sourcecode.swift; path = BudgetUpdater.swift; sourceTree = "<group>"; };
		D0F8F5E321B3204B00D92316 /* BudgetContext.swift */ = {isa = PBXFileReference; lastKnownFileType = sourcecode.swift; path = BudgetContext.swift; sourceTree = "<group>"; };
		D0F8F5E521B323A500D92316 /* TransactionUpdater.swift */ = {isa = PBXFileReference; lastKnownFileType = sourcecode.swift; path = TransactionUpdater.swift; sourceTree = "<group>"; };
		D0F8F5E721B324A900D92316 /* BudgetLine+Queries.swift */ = {isa = PBXFileReference; lastKnownFileType = sourcecode.swift; path = "BudgetLine+Queries.swift"; sourceTree = "<group>"; };
		D0F8F5E921B3252000D92316 /* MonthYear.swift */ = {isa = PBXFileReference; lastKnownFileType = sourcecode.swift; path = MonthYear.swift; sourceTree = "<group>"; };
		ECC156D8CFE8298E675E7BFF /* Pods-YDNYNAB.debug.xcconfig */ = {isa = PBXFileReference; includeInIndex = 1; lastKnownFileType = text.xcconfig; name = "Pods-YDNYNAB.debug.xcconfig"; path = "Target Support Files/Pods-YDNYNAB/Pods-YDNYNAB.debug.xcconfig"; sourceTree = "<group>"; };
/* End PBXFileReference section */

/* Begin PBXFrameworksBuildPhase section */
		D0510573213B5C3F008133B5 /* Frameworks */ = {
			isa = PBXFrameworksBuildPhase;
			buildActionMask = 2147483647;
			files = (
				D03E98D021E01A9700FF5C12 /* libiconv.tbd in Frameworks */,
				D03E98CF21E01A8E00FF5C12 /* libofx.a in Frameworks */,
				D03E98CE21E01A7100FF5C12 /* libosp.a in Frameworks */,
				D03E98AA21DFCCF800FF5C12 /* libofx-ObjC.a in Frameworks */,
				716FB20B686554338A6BCD4B /* Pods_YDNYNAB.framework in Frameworks */,
			);
			runOnlyForDeploymentPostprocessing = 0;
		};
		D0A3F1BD21DFCAC4001B24AA /* Frameworks */ = {
			isa = PBXFrameworksBuildPhase;
			buildActionMask = 2147483647;
			files = (
			);
			runOnlyForDeploymentPostprocessing = 0;
		};
/* End PBXFrameworksBuildPhase section */

/* Begin PBXGroup section */
		6D497F3165AF91A06EBC673B /* Pods */ = {
			isa = PBXGroup;
			children = (
				ECC156D8CFE8298E675E7BFF /* Pods-YDNYNAB.debug.xcconfig */,
				C30E68D14AC51E317BFB6F54 /* Pods-YDNYNAB.release.xcconfig */,
			);
			path = Pods;
			sourceTree = "<group>";
		};
		945AE8E97AEF5D9F71B638B8 /* Frameworks */ = {
			isa = PBXGroup;
			children = (
				D03E98B321DFD97400FF5C12 /* libosp.a */,
				D03E98B021DFD81700FF5C12 /* libiconv.tbd */,
				D03E98AD21DFD7BC00FF5C12 /* libxml2.tbd */,
				D0A3F1A421DFC880001B24AA /* libofx.a */,
				65D8641886E2129C92915A78 /* Pods_YDNYNAB.framework */,
			);
			name = Frameworks;
			sourceTree = "<group>";
		};
		D014C52621E14ACF00B8D33D /* Model initializers */ = {
			isa = PBXGroup;
			children = (
				D014C52421E14AC900B8D33D /* Transaction+OFX.swift */,
			);
			path = "Model initializers";
			sourceTree = "<group>";
		};
		D014C52B21EA5D9300B8D33D /* Payee Settings */ = {
			isa = PBXGroup;
			children = (
				D014C53921EA811600B8D33D /* PayeeSettingsEditorViewController.swift */,
				D014C53821EA811600B8D33D /* PayeeSettingsSelectorViewController.swift */,
				D014C53621EA809900B8D33D /* PayeeSettingsViewController.swift */,
			);
			path = "Payee Settings";
			sourceTree = "<group>";
		};
		D03714AE21DD64C20093CFC0 /* OFX Importer */ = {
			isa = PBXGroup;
			children = (
				D014C52621E14ACF00B8D33D /* Model initializers */,
				D03714AF21DD64D50093CFC0 /* OFXImporter.swift */,
			);
			path = "OFX Importer";
			sourceTree = "<group>";
		};
		D03E98BF21DFF0FD00FF5C12 /* src */ = {
			isa = PBXGroup;
			children = (
				D03E98B621DFE83B00FF5C12 /* OFXReader.h */,
				D03E98B721DFE83B00FF5C12 /* OFXReader.m */,
				D03E98C121DFFB6B00FF5C12 /* OFXAccount.h */,
				D03E98C221DFFB6B00FF5C12 /* OFXAccount.m */,
				D03E98C521DFFB7900FF5C12 /* OFXStatement.h */,
				D03E98C621DFFB7900FF5C12 /* OFXStatement.m */,
				D03E98C921DFFB8900FF5C12 /* OFXTransaction.h */,
				D03E98CA21DFFB8900FF5C12 /* OFXTransaction.m */,
			);
			path = src;
			sourceTree = "<group>";
		};
		D04FB0E72151F2A0008880B7 /* Controls */ = {
			isa = PBXGroup;
			children = (
				D04FB0E82151F2BC008880B7 /* YDNTextField.swift */,
			);
			path = Controls;
			sourceTree = "<group>";
		};
		D051056D213B5C3F008133B5 = {
			isa = PBXGroup;
			children = (
				D0510578213B5C3F008133B5 /* YDNYNAB */,
				D07FF53E21DFC76300E531E1 /* libofx-ObjC */,
				D0510577213B5C3F008133B5 /* Products */,
				6D497F3165AF91A06EBC673B /* Pods */,
				945AE8E97AEF5D9F71B638B8 /* Frameworks */,
			);
			sourceTree = "<group>";
		};
		D0510577213B5C3F008133B5 /* Products */ = {
			isa = PBXGroup;
			children = (
				D0510576213B5C3F008133B5 /* YDNYNAB.app */,
				D0A3F1BF21DFCAC4001B24AA /* libofx-ObjC.a */,
			);
			name = Products;
			sourceTree = "<group>";
		};
		D0510578213B5C3F008133B5 /* YDNYNAB */ = {
			isa = PBXGroup;
			children = (
				D06C648B21432C69000EF618 /* Supporting */,
				D0AA34432173D50C00E8A973 /* DB */,
				D0F8F5DE21B31DD600D92316 /* UI */,
				D0E4E3CB21433640006B4F6E /* Model */,
				D0E4E3E7214587C6006B4F6E /* Utils */,
				D0510579213B5C3F008133B5 /* AppDelegate.swift */,
				D0F8F5E321B3204B00D92316 /* BudgetContext.swift */,
				D0E4E3D8214355BC006B4F6E /* MenuBar.swift */,
				D03714A821DBDBFA0093CFC0 /* BudgetPackageWrapper.swift */,
				D03714AA21DBE1DC0093CFC0 /* BudgetWindowController.swift */,
			);
			path = YDNYNAB;
			sourceTree = "<group>";
		};
		D06C648B21432C69000EF618 /* Supporting */ = {
			isa = PBXGroup;
			children = (
				D0CE3BE4213F728C00798CF5 /* main.swift */,
				D051057B213B5C40008133B5 /* Assets.xcassets */,
				D0510580213B5C40008133B5 /* Info.plist */,
				D0510581213B5C40008133B5 /* YDNYNAB.entitlements */,
				D03714AC21DC07F20093CFC0 /* budget-icon.icns */,
			);
			path = Supporting;
			sourceTree = "<group>";
		};
		D06C648C21432C87000EF618 /* YNAB Importer */ = {
			isa = PBXGroup;
			children = (
				D06C648D21432CC9000EF618 /* YNABBudgetImporter.swift */,
				D06C648F21432CD3000EF618 /* YNABTransactionImporter.swift */,
			);
			path = "YNAB Importer";
			sourceTree = "<group>";
		};
		D07FF53E21DFC76300E531E1 /* libofx-ObjC */ = {
			isa = PBXGroup;
			children = (
				D03E98BF21DFF0FD00FF5C12 /* src */,
				D03E98BA21DFEB2900FF5C12 /* libofx-ObjC.h */,
				D03E98BB21DFECAD00FF5C12 /* Module.modulemap */,
			);
			path = "libofx-ObjC";
			sourceTree = "<group>";
		};
		D0AA343821727BAD00E8A973 /* Protocols */ = {
			isa = PBXGroup;
			children = (
				D0AA343921727BC100E8A973 /* Hoverable.swift */,
			);
			path = Protocols;
			sourceTree = "<group>";
		};
		D0AA34432173D50C00E8A973 /* DB */ = {
			isa = PBXGroup;
			children = (
				D03714AE21DD64C20093CFC0 /* OFX Importer */,
				D06C648C21432C87000EF618 /* YNAB Importer */,
				D0AA34482175906F00E8A973 /* Queries */,
				D0AA34442173D51900E8A973 /* YDNDatabase.swift */,
				D0F8F5DF21B3200800D92316 /* BudgetUpdater.swift */,
				D0F8F5E521B323A500D92316 /* TransactionUpdater.swift */,
			);
			path = DB;
			sourceTree = "<group>";
		};
		D0AA34482175906F00E8A973 /* Queries */ = {
			isa = PBXGroup;
			children = (
				D0AA34492175908A00E8A973 /* BudgetMasterCategory+Queries.swift */,
				D0AA344B2175A11000E8A973 /* BudgetSubCategory+Queries.swift */,
				D0F8F5E721B324A900D92316 /* BudgetLine+Queries.swift */,
				D014C52921E16C1E00B8D33D /* Payee+Queries.swift */,
				D0144ADC222C563900BE33BD /* Transaction+Queries.swift */,
				D0144ADE222C591200BE33BD /* Transaction+Filter.swift */,
			);
			path = Queries;
			sourceTree = "<group>";
		};
		D0CE3BDF213C375E00798CF5 /* Extensions */ = {
			isa = PBXGroup;
			children = (
				D0E4E3DC21439151006B4F6E /* NSView+Extensions.swift */,
				D0E4E3EF214DA15F006B4F6E /* NSTableView+Extensions.swift */,
				D0E4E3F7214F0A71006B4F6E /* NSTableCellView+Extensions.swift */,
			);
			path = Extensions;
			sourceTree = "<group>";
		};
		D0CE3BE6213F7B4200798CF5 /* Budget Overview */ = {
			isa = PBXGroup;
			children = (
				D0E4E3E02144597D006B4F6E /* Categories pane */,
				D0CE3BE7213F7B5700798CF5 /* Month sheet */,
				D0E4E3DE21445853006B4F6E /* DraggableSeparatorView.swift */,
				D0510589213B6A34008133B5 /* BudgetOverviewViewController.swift */,
				D0CE3BE2213F6B7B00798CF5 /* BudgetOverviewView.swift */,
			);
			path = "Budget Overview";
			sourceTree = "<group>";
		};
		D0CE3BE7213F7B5700798CF5 /* Month sheet */ = {
			isa = PBXGroup;
			children = (
				D0CE3BE8213F7B7500798CF5 /* BudgetMonthSheetViewController.swift */,
				D0F8F5DC21B31C6300D92316 /* BudgetMonthSheetKeyViewProvider.swift */,
				D0CE3BEA213F7B8200798CF5 /* BudgetMonthSheetView.swift */,
				D06C648321420667000EF618 /* BudgetMonthTotalsView.swift */,
				D0CE3BEC213F7C4A00798CF5 /* BudgetMonthSummaryView.swift */,
				D06C648721421BF9000EF618 /* BudgetMonthTableDataSource.swift */,
				D06C648921421D0F000EF618 /* BudgetMonthTableRowView.swift */,
				D0E4E3DA214369FC006B4F6E /* BudgetMonthCurrencyTableCellView.swift */,
			);
			path = "Month sheet";
			sourceTree = "<group>";
		};
		D0E4E3CB21433640006B4F6E /* Model */ = {
			isa = PBXGroup;
			children = (
				D0E4E3CC21433671006B4F6E /* BudgetMasterCategory.swift */,
				D0E4E3CE214336B7006B4F6E /* BudgetSubcategory.swift */,
				D0E4E3D0214336F1006B4F6E /* BudgetLine.swift */,
				D0E4E3D2214349A7006B4F6E /* Account.swift */,
				D0E4E3D421434A59006B4F6E /* Payee.swift */,
				D014C52721E1674800B8D33D /* PayeeRenameRule.swift */,
				D0E4E3D621434A67006B4F6E /* Transaction.swift */,
			);
			path = Model;
			sourceTree = "<group>";
		};
		D0E4E3E02144597D006B4F6E /* Categories pane */ = {
			isa = PBXGroup;
			children = (
				D0E4E3E1214459B7006B4F6E /* BudgetCategoriesViewController.swift */,
				D0E4E3E3214459C6006B4F6E /* BudgetCategoriesView.swift */,
				D0E4E3E5214469A8006B4F6E /* BudgetCategoriesViewDataSource.swift */,
			);
			path = "Categories pane";
			sourceTree = "<group>";
		};
		D0E4E3E7214587C6006B4F6E /* Utils */ = {
			isa = PBXGroup;
			children = (
				D0E4E3E8214587D2006B4F6E /* DateUtils.swift */,
				D04FB0E521509E41008880B7 /* Theme.swift */,
				D04FB0EA215DC069008880B7 /* Toaster.swift */,
				D0F8F5E921B3252000D92316 /* MonthYear.swift */,
				D014C53421EA5F2D00B8D33D /* NSView+AutoLayout.swift */,
				D0C4BFC52299A22A00F297F6 /* NSOutlineView+Utils.swift */,
				D0144ADA2219EEE000BE33BD /* KeyCode.swift */,
			);
			path = Utils;
			sourceTree = "<group>";
		};
		D0E4E3EA214D933D006B4F6E /* Register */ = {
			isa = PBXGroup;
			children = (
				D0E4E3ED214D9D5A006B4F6E /* RegisterView.swift */,
				D0E4E3EB214D935F006B4F6E /* RegisterViewController.swift */,
				D0E4E3F1214DA22A006B4F6E /* RegisterViewDataSource.swift */,
				D0AA34362172693200E8A973 /* RegisterViewDataSourceFilter.swift */,
				D0C4BFC7229B381C00F297F6 /* RegisterEditController.swift */,
				D0E4E3F3214DA93F006B4F6E /* RegisterCell.swift */,
				D0E4E3F9214F13AC006B4F6E /* RegisterRowView.swift */,
			);
			path = Register;
			sourceTree = "<group>";
		};
		D0F8F5DE21B31DD600D92316 /* UI */ = {
			isa = PBXGroup;
			children = (
				D014C52B21EA5D9300B8D33D /* Payee Settings */,
				D04FB0E72151F2A0008880B7 /* Controls */,
				D0E4E3EA214D933D006B4F6E /* Register */,
				D0CE3BE6213F7B4200798CF5 /* Budget Overview */,
				D0AA343821727BAD00E8A973 /* Protocols */,
				D0CE3BDF213C375E00798CF5 /* Extensions */,
				D0E4E3F5214EFBD5006B4F6E /* YDNOutlineView.swift */,
				D0AD2DCE21AB1EA9009A62FA /* YDNTableView.swift */,
				D014C53C21EA8F6400B8D33D /* YDNTableCellView.swift */,
				D0510587213B6230008133B5 /* MainTabViewController.swift */,
				D06C648521421004000EF618 /* MainSplitViewControllerView.swift */,
			);
			path = UI;
			sourceTree = "<group>";
		};
/* End PBXGroup section */

/* Begin PBXHeadersBuildPhase section */
		D0A3F1BB21DFCAC4001B24AA /* Headers */ = {
			isa = PBXHeadersBuildPhase;
			buildActionMask = 2147483647;
			files = (
				D03E98C021DFF13000FF5C12 /* OFXReader.h in Headers */,
				D03E98BE21DFED6B00FF5C12 /* libofx-ObjC.h in Headers */,
				D03E98CB21DFFB8900FF5C12 /* OFXTransaction.h in Headers */,
				D03E98C721DFFB7900FF5C12 /* OFXStatement.h in Headers */,
				D03E98C321DFFB6B00FF5C12 /* OFXAccount.h in Headers */,
			);
			runOnlyForDeploymentPostprocessing = 0;
		};
/* End PBXHeadersBuildPhase section */

/* Begin PBXNativeTarget section */
		D0510575213B5C3F008133B5 /* YDNYNAB */ = {
			isa = PBXNativeTarget;
			buildConfigurationList = D0510584213B5C40008133B5 /* Build configuration list for PBXNativeTarget "YDNYNAB" */;
			buildPhases = (
				22FB3F488A754147DA05998D /* [CP] Check Pods Manifest.lock */,
				D0510572213B5C3F008133B5 /* Sources */,
				D0510573213B5C3F008133B5 /* Frameworks */,
				D0510574213B5C3F008133B5 /* Resources */,
				D0A3F1B821DFCA24001B24AA /* Embed Frameworks */,
				35973557E9695A808D81C651 /* [CP] Embed Pods Frameworks */,
			);
			buildRules = (
			);
			dependencies = (
				D03E98AC21DFCCFF00FF5C12 /* PBXTargetDependency */,
			);
			name = YDNYNAB;
			productName = YDNYNAB;
			productReference = D0510576213B5C3F008133B5 /* YDNYNAB.app */;
			productType = "com.apple.product-type.application";
		};
		D0A3F1BE21DFCAC4001B24AA /* ofx-ObjC */ = {
			isa = PBXNativeTarget;
			buildConfigurationList = D0A3F1C521DFCAC4001B24AA /* Build configuration list for PBXNativeTarget "ofx-ObjC" */;
			buildPhases = (
				D0A3F1BB21DFCAC4001B24AA /* Headers */,
				D0A3F1BC21DFCAC4001B24AA /* Sources */,
				D0A3F1BD21DFCAC4001B24AA /* Frameworks */,
				D03E98BC21DFED3C00FF5C12 /* CopyFiles */,
			);
			buildRules = (
			);
			dependencies = (
			);
			name = "ofx-ObjC";
			productName = "libofx-Swift";
			productReference = D0A3F1BF21DFCAC4001B24AA /* libofx-ObjC.a */;
			productType = "com.apple.product-type.library.static";
		};
/* End PBXNativeTarget section */

/* Begin PBXProject section */
		D051056E213B5C3F008133B5 /* Project object */ = {
			isa = PBXProject;
			attributes = {
				CLASSPREFIX = YDN;
				LastSwiftUpdateCheck = 1000;
				LastUpgradeCheck = 1000;
				ORGANIZATIONNAME = "Justin Hill";
				TargetAttributes = {
					D0510575213B5C3F008133B5 = {
						CreatedOnToolsVersion = 10.0;
						LastSwiftMigration = 1020;
						ProvisioningStyle = Automatic;
						SystemCapabilities = {
							com.apple.Sandbox = {
								enabled = 0;
							};
						};
					};
					D0A3F1BE21DFCAC4001B24AA = {
						CreatedOnToolsVersion = 10.1;
						LastSwiftMigration = 1010;
					};
				};
			};
			buildConfigurationList = D0510571213B5C3F008133B5 /* Build configuration list for PBXProject "YDNYNAB" */;
			compatibilityVersion = "Xcode 10.0";
			developmentRegion = en;
			hasScannedForEncodings = 0;
			knownRegions = (
				en,
				Base,
			);
			mainGroup = D051056D213B5C3F008133B5;
			productRefGroup = D0510577213B5C3F008133B5 /* Products */;
			projectDirPath = "";
			projectRoot = "";
			targets = (
				D0510575213B5C3F008133B5 /* YDNYNAB */,
				D0A3F1BE21DFCAC4001B24AA /* ofx-ObjC */,
			);
		};
/* End PBXProject section */

/* Begin PBXResourcesBuildPhase section */
		D0510574213B5C3F008133B5 /* Resources */ = {
			isa = PBXResourcesBuildPhase;
			buildActionMask = 2147483647;
			files = (
				D03714AD21DC07F20093CFC0 /* budget-icon.icns in Resources */,
				D051057C213B5C40008133B5 /* Assets.xcassets in Resources */,
			);
			runOnlyForDeploymentPostprocessing = 0;
		};
/* End PBXResourcesBuildPhase section */

/* Begin PBXShellScriptBuildPhase section */
		22FB3F488A754147DA05998D /* [CP] Check Pods Manifest.lock */ = {
			isa = PBXShellScriptBuildPhase;
			buildActionMask = 2147483647;
			files = (
			);
			inputFileListPaths = (
			);
			inputPaths = (
				"${PODS_PODFILE_DIR_PATH}/Podfile.lock",
				"${PODS_ROOT}/Manifest.lock",
			);
			name = "[CP] Check Pods Manifest.lock";
			outputFileListPaths = (
			);
			outputPaths = (
				"$(DERIVED_FILE_DIR)/Pods-YDNYNAB-checkManifestLockResult.txt",
			);
			runOnlyForDeploymentPostprocessing = 0;
			shellPath = /bin/sh;
			shellScript = "diff \"${PODS_PODFILE_DIR_PATH}/Podfile.lock\" \"${PODS_ROOT}/Manifest.lock\" > /dev/null\nif [ $? != 0 ] ; then\n    # print error to STDERR\n    echo \"error: The sandbox is not in sync with the Podfile.lock. Run 'pod install' or update your CocoaPods installation.\" >&2\n    exit 1\nfi\n# This output is used by Xcode 'outputs' to avoid re-running this script phase.\necho \"SUCCESS\" > \"${SCRIPT_OUTPUT_FILE_0}\"\n";
			showEnvVarsInLog = 0;
		};
		35973557E9695A808D81C651 /* [CP] Embed Pods Frameworks */ = {
			isa = PBXShellScriptBuildPhase;
			buildActionMask = 2147483647;
			files = (
			);
			inputFileListPaths = (
			);
			inputPaths = (
				"${PODS_ROOT}/Target Support Files/Pods-YDNYNAB/Pods-YDNYNAB-frameworks.sh",
				"${BUILT_PRODUCTS_DIR}/CSV.swift/CSV.framework",
				"${BUILT_PRODUCTS_DIR}/GRDB.swift/GRDB.framework",
			);
			name = "[CP] Embed Pods Frameworks";
			outputFileListPaths = (
			);
			outputPaths = (
				"${TARGET_BUILD_DIR}/${FRAMEWORKS_FOLDER_PATH}/CSV.framework",
				"${TARGET_BUILD_DIR}/${FRAMEWORKS_FOLDER_PATH}/GRDB.framework",
			);
			runOnlyForDeploymentPostprocessing = 0;
			shellPath = /bin/sh;
			shellScript = "\"${PODS_ROOT}/Target Support Files/Pods-YDNYNAB/Pods-YDNYNAB-frameworks.sh\"\n";
			showEnvVarsInLog = 0;
		};
/* End PBXShellScriptBuildPhase section */

/* Begin PBXSourcesBuildPhase section */
		D0510572213B5C3F008133B5 /* Sources */ = {
			isa = PBXSourcesBuildPhase;
			buildActionMask = 2147483647;
			files = (
				D0E4E3EE214D9D5A006B4F6E /* RegisterView.swift in Sources */,
				D0CE3BEB213F7B8200798CF5 /* BudgetMonthSheetView.swift in Sources */,
				D014C52A21E16C1E00B8D33D /* Payee+Queries.swift in Sources */,
				D0144ADD222C563900BE33BD /* Transaction+Queries.swift in Sources */,
				D0E4E3E4214459C6006B4F6E /* BudgetCategoriesView.swift in Sources */,
				D0AA343E2173D2BC00E8A973 /* RegisterViewDataSource.swift in Sources */,
				D0E4E3F8214F0A71006B4F6E /* NSTableCellView+Extensions.swift in Sources */,
				D0F8F5E021B3200800D92316 /* BudgetUpdater.swift in Sources */,
				D0CE3BE3213F6B7B00798CF5 /* BudgetOverviewView.swift in Sources */,
				D0E4E3D9214355BC006B4F6E /* MenuBar.swift in Sources */,
				D014C53521EA5F2D00B8D33D /* NSView+AutoLayout.swift in Sources */,
				D0E4E3E2214459B7006B4F6E /* BudgetCategoriesViewController.swift in Sources */,
				D0510588213B6230008133B5 /* MainTabViewController.swift in Sources */,
				D0CE3BE5213F728C00798CF5 /* main.swift in Sources */,
				D03714B021DD64D50093CFC0 /* OFXImporter.swift in Sources */,
				D03714AB21DBE1DC0093CFC0 /* BudgetWindowController.swift in Sources */,
				D014C53721EA809900B8D33D /* PayeeSettingsViewController.swift in Sources */,
				D0C4BFC8229B381C00F297F6 /* RegisterEditController.swift in Sources */,
				D014C52521E14AC900B8D33D /* Transaction+OFX.swift in Sources */,
				D0E4E3DB214369FC006B4F6E /* BudgetMonthCurrencyTableCellView.swift in Sources */,
				D051058A213B6A34008133B5 /* BudgetOverviewViewController.swift in Sources */,
				D014C53A21EA811600B8D33D /* PayeeSettingsSelectorViewController.swift in Sources */,
				D0E4E3E9214587D2006B4F6E /* DateUtils.swift in Sources */,
				D06C648421420667000EF618 /* BudgetMonthTotalsView.swift in Sources */,
				D0CE3BE9213F7B7500798CF5 /* BudgetMonthSheetViewController.swift in Sources */,
				D06C648A21421D0F000EF618 /* BudgetMonthTableRowView.swift in Sources */,
				D051057A213B5C3F008133B5 /* AppDelegate.swift in Sources */,
				D0144ADF222C591200BE33BD /* Transaction+Filter.swift in Sources */,
				D0144ADB2219EEE000BE33BD /* KeyCode.swift in Sources */,
				D0AA344A2175908A00E8A973 /* BudgetMasterCategory+Queries.swift in Sources */,
				D0AD2DCF21AB1EA9009A62FA /* YDNTableView.swift in Sources */,
				D014C53B21EA811600B8D33D /* PayeeSettingsEditorViewController.swift in Sources */,
				D06C648E21432CC9000EF618 /* YNABBudgetImporter.swift in Sources */,
				D0AA34412173D3BF00E8A973 /* RegisterViewDataSourceFilter.swift in Sources */,
				D0E4E3DF21445853006B4F6E /* DraggableSeparatorView.swift in Sources */,
				D014C53D21EA8F6400B8D33D /* YDNTableCellView.swift in Sources */,
				D0F8F5E821B324A900D92316 /* BudgetLine+Queries.swift in Sources */,
				D0AA34422173D43500E8A973 /* YNABTransactionImporter.swift in Sources */,
				D06C648621421004000EF618 /* MainSplitViewControllerView.swift in Sources */,
				D0F8F5DD21B31C6300D92316 /* BudgetMonthSheetKeyViewProvider.swift in Sources */,
				D0E4E3CD21433671006B4F6E /* BudgetMasterCategory.swift in Sources */,
				D0E4E3FA214F13AC006B4F6E /* RegisterRowView.swift in Sources */,
				D0E4E3D721434A67006B4F6E /* Transaction.swift in Sources */,
				D0E4E3D521434A59006B4F6E /* Payee.swift in Sources */,
				D0E4E3F0214DA15F006B4F6E /* NSTableView+Extensions.swift in Sources */,
				D0E4E3F4214DA93F006B4F6E /* RegisterCell.swift in Sources */,
				D0AA34452173D51900E8A973 /* YDNDatabase.swift in Sources */,
				D0E4E3CF214336B7006B4F6E /* BudgetSubcategory.swift in Sources */,
				D04FB0E621509E41008880B7 /* Theme.swift in Sources */,
				D0AA34402173D36900E8A973 /* BudgetMonthTableDataSource.swift in Sources */,
				D0F8F5E421B3204B00D92316 /* BudgetContext.swift in Sources */,
				D0E4E3F6214EFBD5006B4F6E /* YDNOutlineView.swift in Sources */,
				D0F8F5E621B323A500D92316 /* TransactionUpdater.swift in Sources */,
				D0CE3BED213F7C4A00798CF5 /* BudgetMonthSummaryView.swift in Sources */,
				D0F8F5EA21B3252000D92316 /* MonthYear.swift in Sources */,
				D0C4BFC62299A22A00F297F6 /* NSOutlineView+Utils.swift in Sources */,
				D04FB0E92151F2BC008880B7 /* YDNTextField.swift in Sources */,
				D014C52821E1674800B8D33D /* PayeeRenameRule.swift in Sources */,
				D0E4E3D1214336F1006B4F6E /* BudgetLine.swift in Sources */,
				D04FB0EB215DC069008880B7 /* Toaster.swift in Sources */,
				D0E4E3EC214D935F006B4F6E /* RegisterViewController.swift in Sources */,
				D0E4E3DD21439151006B4F6E /* NSView+Extensions.swift in Sources */,
				D0AA343A21727BC100E8A973 /* Hoverable.swift in Sources */,
				D0AA343F2173D32600E8A973 /* BudgetCategoriesViewDataSource.swift in Sources */,
				D0AA344C2175A11000E8A973 /* BudgetSubCategory+Queries.swift in Sources */,
				D0E4E3D3214349A7006B4F6E /* Account.swift in Sources */,
				D03714A921DBDBFA0093CFC0 /* BudgetPackageWrapper.swift in Sources */,
			);
			runOnlyForDeploymentPostprocessing = 0;
		};
		D0A3F1BC21DFCAC4001B24AA /* Sources */ = {
			isa = PBXSourcesBuildPhase;
			buildActionMask = 2147483647;
			files = (
				D03E98C821DFFB7900FF5C12 /* OFXStatement.m in Sources */,
				D03E98B921DFE83B00FF5C12 /* OFXReader.m in Sources */,
				D03E98CC21DFFB8900FF5C12 /* OFXTransaction.m in Sources */,
				D03E98C421DFFB6B00FF5C12 /* OFXAccount.m in Sources */,
			);
			runOnlyForDeploymentPostprocessing = 0;
		};
/* End PBXSourcesBuildPhase section */

/* Begin PBXTargetDependency section */
		D03E98AC21DFCCFF00FF5C12 /* PBXTargetDependency */ = {
			isa = PBXTargetDependency;
			target = D0A3F1BE21DFCAC4001B24AA /* ofx-ObjC */;
			targetProxy = D03E98AB21DFCCFF00FF5C12 /* PBXContainerItemProxy */;
		};
/* End PBXTargetDependency section */

/* Begin XCBuildConfiguration section */
		D0510582213B5C40008133B5 /* Debug */ = {
			isa = XCBuildConfiguration;
			buildSettings = {
				ALWAYS_SEARCH_USER_PATHS = NO;
				CLANG_ANALYZER_NONNULL = YES;
				CLANG_ANALYZER_NUMBER_OBJECT_CONVERSION = YES_AGGRESSIVE;
				CLANG_CXX_LANGUAGE_STANDARD = "gnu++14";
				CLANG_CXX_LIBRARY = "libc++";
				CLANG_ENABLE_MODULES = YES;
				CLANG_ENABLE_OBJC_ARC = YES;
				CLANG_ENABLE_OBJC_WEAK = YES;
				CLANG_WARN_BLOCK_CAPTURE_AUTORELEASING = YES;
				CLANG_WARN_BOOL_CONVERSION = YES;
				CLANG_WARN_COMMA = YES;
				CLANG_WARN_CONSTANT_CONVERSION = YES;
				CLANG_WARN_DEPRECATED_OBJC_IMPLEMENTATIONS = YES;
				CLANG_WARN_DIRECT_OBJC_ISA_USAGE = YES_ERROR;
				CLANG_WARN_EMPTY_BODY = YES;
				CLANG_WARN_ENUM_CONVERSION = YES;
				CLANG_WARN_INFINITE_RECURSION = YES;
				CLANG_WARN_INT_CONVERSION = YES;
				CLANG_WARN_NON_LITERAL_NULL_CONVERSION = YES;
				CLANG_WARN_OBJC_IMPLICIT_RETAIN_SELF = YES;
				CLANG_WARN_OBJC_LITERAL_CONVERSION = YES;
				CLANG_WARN_OBJC_ROOT_CLASS = YES_ERROR;
				CLANG_WARN_RANGE_LOOP_ANALYSIS = YES;
				CLANG_WARN_STRICT_PROTOTYPES = YES;
				CLANG_WARN_SUSPICIOUS_MOVE = YES;
				CLANG_WARN_UNGUARDED_AVAILABILITY = YES_AGGRESSIVE;
				CLANG_WARN_UNREACHABLE_CODE = YES;
				CLANG_WARN__DUPLICATE_METHOD_MATCH = YES;
				CODE_SIGN_IDENTITY = "Mac Developer";
				COPY_PHASE_STRIP = NO;
				DEBUG_INFORMATION_FORMAT = dwarf;
				ENABLE_STRICT_OBJC_MSGSEND = YES;
				ENABLE_TESTABILITY = YES;
				GCC_C_LANGUAGE_STANDARD = gnu11;
				GCC_DYNAMIC_NO_PIC = NO;
				GCC_NO_COMMON_BLOCKS = YES;
				GCC_OPTIMIZATION_LEVEL = 0;
				GCC_PREPROCESSOR_DEFINITIONS = (
					"DEBUG=1",
					"$(inherited)",
				);
				GCC_WARN_64_TO_32_BIT_CONVERSION = YES;
				GCC_WARN_ABOUT_RETURN_TYPE = YES_ERROR;
				GCC_WARN_UNDECLARED_SELECTOR = YES;
				GCC_WARN_UNINITIALIZED_AUTOS = YES_AGGRESSIVE;
				GCC_WARN_UNUSED_FUNCTION = YES;
				GCC_WARN_UNUSED_VARIABLE = YES;
				MACOSX_DEPLOYMENT_TARGET = 10.14;
				MTL_ENABLE_DEBUG_INFO = INCLUDE_SOURCE;
				MTL_FAST_MATH = YES;
				ONLY_ACTIVE_ARCH = YES;
				SDKROOT = macosx;
				SWIFT_ACTIVE_COMPILATION_CONDITIONS = DEBUG;
				SWIFT_OPTIMIZATION_LEVEL = "-Onone";
			};
			name = Debug;
		};
		D0510583213B5C40008133B5 /* Release */ = {
			isa = XCBuildConfiguration;
			buildSettings = {
				ALWAYS_SEARCH_USER_PATHS = NO;
				CLANG_ANALYZER_NONNULL = YES;
				CLANG_ANALYZER_NUMBER_OBJECT_CONVERSION = YES_AGGRESSIVE;
				CLANG_CXX_LANGUAGE_STANDARD = "gnu++14";
				CLANG_CXX_LIBRARY = "libc++";
				CLANG_ENABLE_MODULES = YES;
				CLANG_ENABLE_OBJC_ARC = YES;
				CLANG_ENABLE_OBJC_WEAK = YES;
				CLANG_WARN_BLOCK_CAPTURE_AUTORELEASING = YES;
				CLANG_WARN_BOOL_CONVERSION = YES;
				CLANG_WARN_COMMA = YES;
				CLANG_WARN_CONSTANT_CONVERSION = YES;
				CLANG_WARN_DEPRECATED_OBJC_IMPLEMENTATIONS = YES;
				CLANG_WARN_DIRECT_OBJC_ISA_USAGE = YES_ERROR;
				CLANG_WARN_EMPTY_BODY = YES;
				CLANG_WARN_ENUM_CONVERSION = YES;
				CLANG_WARN_INFINITE_RECURSION = YES;
				CLANG_WARN_INT_CONVERSION = YES;
				CLANG_WARN_NON_LITERAL_NULL_CONVERSION = YES;
				CLANG_WARN_OBJC_IMPLICIT_RETAIN_SELF = YES;
				CLANG_WARN_OBJC_LITERAL_CONVERSION = YES;
				CLANG_WARN_OBJC_ROOT_CLASS = YES_ERROR;
				CLANG_WARN_RANGE_LOOP_ANALYSIS = YES;
				CLANG_WARN_STRICT_PROTOTYPES = YES;
				CLANG_WARN_SUSPICIOUS_MOVE = YES;
				CLANG_WARN_UNGUARDED_AVAILABILITY = YES_AGGRESSIVE;
				CLANG_WARN_UNREACHABLE_CODE = YES;
				CLANG_WARN__DUPLICATE_METHOD_MATCH = YES;
				CODE_SIGN_IDENTITY = "Mac Developer";
				COPY_PHASE_STRIP = NO;
				DEBUG_INFORMATION_FORMAT = "dwarf-with-dsym";
				ENABLE_NS_ASSERTIONS = NO;
				ENABLE_STRICT_OBJC_MSGSEND = YES;
				GCC_C_LANGUAGE_STANDARD = gnu11;
				GCC_NO_COMMON_BLOCKS = YES;
				GCC_PREPROCESSOR_DEFINITIONS = "RELEASE=1";
				GCC_WARN_64_TO_32_BIT_CONVERSION = YES;
				GCC_WARN_ABOUT_RETURN_TYPE = YES_ERROR;
				GCC_WARN_UNDECLARED_SELECTOR = YES;
				GCC_WARN_UNINITIALIZED_AUTOS = YES_AGGRESSIVE;
				GCC_WARN_UNUSED_FUNCTION = YES;
				GCC_WARN_UNUSED_VARIABLE = YES;
				MACOSX_DEPLOYMENT_TARGET = 10.14;
				MTL_ENABLE_DEBUG_INFO = NO;
				MTL_FAST_MATH = YES;
				SDKROOT = macosx;
				SWIFT_COMPILATION_MODE = wholemodule;
				SWIFT_OPTIMIZATION_LEVEL = "-O";
			};
			name = Release;
		};
		D0510585213B5C40008133B5 /* Debug */ = {
			isa = XCBuildConfiguration;
			baseConfigurationReference = ECC156D8CFE8298E675E7BFF /* Pods-YDNYNAB.debug.xcconfig */;
			buildSettings = {
				ASSETCATALOG_COMPILER_APPICON_NAME = AppIcon;
				CODE_SIGN_STYLE = Automatic;
				COMBINE_HIDPI_IMAGES = YES;
				DEVELOPMENT_TEAM = N3MXL5AYEW;
				HEADER_SEARCH_PATHS = (
					"$(inherited)",
					"\"${PODS_CONFIGURATION_BUILD_DIR}/CSV.swift/CSV.framework/Headers\"",
					"\"${PODS_CONFIGURATION_BUILD_DIR}/GRDB.swift/GRDB.framework/Headers\"",
					"${CONFIGURATION_BUILD_DIR}/usr/local/include",
					/usr/local/include,
				);
				INFOPLIST_FILE = "$(SRCROOT)/YDNYNAB/Supporting/Info.plist";
				LD_RUNPATH_SEARCH_PATHS = (
					"$(inherited)",
					"@executable_path/../Frameworks",
				);
				LIBRARY_SEARCH_PATHS = (
					"$(inherited)",
					"/usr/local/opt/open-sp/lib",
					/usr/local/opt/libofx/lib,
				);
				MACOSX_DEPLOYMENT_TARGET = 10.14;
				PRODUCT_BUNDLE_IDENTIFIER = com.justinhill.YDNYNAB;
				PRODUCT_NAME = "$(TARGET_NAME)";
				SWIFT_VERSION = 5.0;
			};
			name = Debug;
		};
		D0510586213B5C40008133B5 /* Release */ = {
			isa = XCBuildConfiguration;
			baseConfigurationReference = C30E68D14AC51E317BFB6F54 /* Pods-YDNYNAB.release.xcconfig */;
			buildSettings = {
				ASSETCATALOG_COMPILER_APPICON_NAME = AppIcon;
				CODE_SIGN_STYLE = Automatic;
				COMBINE_HIDPI_IMAGES = YES;
				DEVELOPMENT_TEAM = N3MXL5AYEW;
				HEADER_SEARCH_PATHS = (
					"$(inherited)",
					"\"${PODS_CONFIGURATION_BUILD_DIR}/CSV.swift/CSV.framework/Headers\"",
					"\"${PODS_CONFIGURATION_BUILD_DIR}/GRDB.swift/GRDB.framework/Headers\"",
					"${CONFIGURATION_BUILD_DIR}/usr/local/include",
					/usr/local/include,
				);
				INFOPLIST_FILE = "$(SRCROOT)/YDNYNAB/Supporting/Info.plist";
				LD_RUNPATH_SEARCH_PATHS = (
					"$(inherited)",
					"@executable_path/../Frameworks",
				);
				LIBRARY_SEARCH_PATHS = (
					"$(inherited)",
					"/usr/local/opt/open-sp/lib",
					/usr/local/opt/libofx/lib,
				);
				MACOSX_DEPLOYMENT_TARGET = 10.14;
				PRODUCT_BUNDLE_IDENTIFIER = com.justinhill.YDNYNAB;
				PRODUCT_NAME = "$(TARGET_NAME)";
				SWIFT_VERSION = 5.0;
			};
			name = Release;
		};
		D0A3F1C621DFCAC4001B24AA /* Debug */ = {
			isa = XCBuildConfiguration;
			buildSettings = {
				CLANG_ENABLE_MODULES = YES;
				CODE_SIGN_STYLE = Automatic;
				DEFINES_MODULE = YES;
				DEVELOPMENT_TEAM = N3MXL5AYEW;
				EXECUTABLE_PREFIX = lib;
				GCC_PREPROCESSOR_DEFINITIONS = (
					"$(inherited)",
					"OFX_AQUAMANIAC_UGLY_HACK1=1",
				);
				HEADER_SEARCH_PATHS = /usr/local/include;
				LD_RUNPATH_SEARCH_PATHS = (
					"$(inherited)",
					"@executable_path/../Frameworks",
					"@loader_path/../Frameworks",
				);
				LIBRARY_SEARCH_PATHS = (
					"$(inherited)",
					/usr/local/Cellar/libofx/0.9.13/lib,
					"/usr/local/Cellar/open-sp/1.5.2/lib",
				);
				MACOSX_DEPLOYMENT_TARGET = 10.14;
				MODULEMAP_FILE = "$(SRCROOT)/libofx-Swift/Module.modulemap";
				PRODUCT_MODULE_NAME = libofx;
				PRODUCT_NAME = "$(TARGET_NAME)";
				SKIP_INSTALL = YES;
				SWIFT_OPTIMIZATION_LEVEL = "-Onone";
				SWIFT_VERSION = 4.2;
			};
			name = Debug;
		};
		D0A3F1C721DFCAC4001B24AA /* Release */ = {
			isa = XCBuildConfiguration;
			buildSettings = {
				CLANG_ENABLE_MODULES = YES;
				CODE_SIGN_STYLE = Automatic;
				DEFINES_MODULE = YES;
				DEVELOPMENT_TEAM = N3MXL5AYEW;
				EXECUTABLE_PREFIX = lib;
				GCC_PREPROCESSOR_DEFINITIONS = (
					"$(inherited)",
					"OFX_AQUAMANIAC_UGLY_HACK1=1",
				);
				HEADER_SEARCH_PATHS = /usr/local/include;
				LD_RUNPATH_SEARCH_PATHS = (
					"$(inherited)",
					"@executable_path/../Frameworks",
					"@loader_path/../Frameworks",
				);
				LIBRARY_SEARCH_PATHS = (
					"$(inherited)",
					/usr/local/Cellar/libofx/0.9.13/lib,
					"/usr/local/Cellar/open-sp/1.5.2/lib",
				);
				MACOSX_DEPLOYMENT_TARGET = 10.14;
				MODULEMAP_FILE = "$(SRCROOT)/libofx-Swift/Module.modulemap";
				PRODUCT_MODULE_NAME = libofx;
				PRODUCT_NAME = "$(TARGET_NAME)";
				SKIP_INSTALL = YES;
				SWIFT_VERSION = 4.2;
			};
			name = Release;
		};
/* End XCBuildConfiguration section */

/* Begin XCConfigurationList section */
		D0510571213B5C3F008133B5 /* Build configuration list for PBXProject "YDNYNAB" */ = {
			isa = XCConfigurationList;
			buildConfigurations = (
				D0510582213B5C40008133B5 /* Debug */,
				D0510583213B5C40008133B5 /* Release */,
			);
			defaultConfigurationIsVisible = 0;
			defaultConfigurationName = Release;
		};
		D0510584213B5C40008133B5 /* Build configuration list for PBXNativeTarget "YDNYNAB" */ = {
			isa = XCConfigurationList;
			buildConfigurations = (
				D0510585213B5C40008133B5 /* Debug */,
				D0510586213B5C40008133B5 /* Release */,
			);
			defaultConfigurationIsVisible = 0;
			defaultConfigurationName = Release;
		};
		D0A3F1C521DFCAC4001B24AA /* Build configuration list for PBXNativeTarget "ofx-ObjC" */ = {
			isa = XCConfigurationList;
			buildConfigurations = (
				D0A3F1C621DFCAC4001B24AA /* Debug */,
				D0A3F1C721DFCAC4001B24AA /* Release */,
			);
			defaultConfigurationIsVisible = 0;
			defaultConfigurationName = Release;
		};
/* End XCConfigurationList section */
	};
	rootObject = D051056E213B5C3F008133B5 /* Project object */;
}
