// !$*UTF8*$!
{
	archiveVersion = 1;
	classes = {
	};
	objectVersion = 51;
	objects = {

/* Begin PBXBuildFile section */
		12F93AD13E332F4909EBBC15 /* Pods_YDNYNAB.framework in Frameworks */ = {isa = PBXBuildFile; fileRef = 43DFDDD400B8EF8D02A606A2 /* Pods_YDNYNAB.framework */; };
		D04FB0E621509E41008880B7 /* Theme.swift in Sources */ = {isa = PBXBuildFile; fileRef = D04FB0E521509E41008880B7 /* Theme.swift */; };
		D04FB0E92151F2BC008880B7 /* YDNTextField.swift in Sources */ = {isa = PBXBuildFile; fileRef = D04FB0E82151F2BC008880B7 /* YDNTextField.swift */; };
		D04FB0EB215DC069008880B7 /* Toaster.swift in Sources */ = {isa = PBXBuildFile; fileRef = D04FB0EA215DC069008880B7 /* Toaster.swift */; };
		D051057A213B5C3F008133B5 /* AppDelegate.swift in Sources */ = {isa = PBXBuildFile; fileRef = D0510579213B5C3F008133B5 /* AppDelegate.swift */; };
		D051057C213B5C40008133B5 /* Assets.xcassets in Resources */ = {isa = PBXBuildFile; fileRef = D051057B213B5C40008133B5 /* Assets.xcassets */; };
		D0510588213B6230008133B5 /* MainSplitViewController.swift in Sources */ = {isa = PBXBuildFile; fileRef = D0510587213B6230008133B5 /* MainSplitViewController.swift */; };
		D051058A213B6A34008133B5 /* BudgetOverviewViewController.swift in Sources */ = {isa = PBXBuildFile; fileRef = D0510589213B6A34008133B5 /* BudgetOverviewViewController.swift */; };
		D0510590213B6CAB008133B5 /* SidebarViewController.swift in Sources */ = {isa = PBXBuildFile; fileRef = D051058F213B6CAB008133B5 /* SidebarViewController.swift */; };
		D06C648421420667000EF618 /* BudgetMonthTotalsView.swift in Sources */ = {isa = PBXBuildFile; fileRef = D06C648321420667000EF618 /* BudgetMonthTotalsView.swift */; };
		D06C648621421004000EF618 /* MainSplitViewControllerView.swift in Sources */ = {isa = PBXBuildFile; fileRef = D06C648521421004000EF618 /* MainSplitViewControllerView.swift */; };
		D06C648A21421D0F000EF618 /* BudgetMonthTableRowView.swift in Sources */ = {isa = PBXBuildFile; fileRef = D06C648921421D0F000EF618 /* BudgetMonthTableRowView.swift */; };
		D06C648E21432CC9000EF618 /* YNABBudgetImporter.swift in Sources */ = {isa = PBXBuildFile; fileRef = D06C648D21432CC9000EF618 /* YNABBudgetImporter.swift */; };
		D0AA343A21727BC100E8A973 /* Hoverable.swift in Sources */ = {isa = PBXBuildFile; fileRef = D0AA343921727BC100E8A973 /* Hoverable.swift */; };
		D0AA343E2173D2BC00E8A973 /* RegisterViewDataSource.swift in Sources */ = {isa = PBXBuildFile; fileRef = D0E4E3F1214DA22A006B4F6E /* RegisterViewDataSource.swift */; };
		D0AA343F2173D32600E8A973 /* BudgetCategoriesViewDataSource.swift in Sources */ = {isa = PBXBuildFile; fileRef = D0E4E3E5214469A8006B4F6E /* BudgetCategoriesViewDataSource.swift */; };
		D0AA34402173D36900E8A973 /* BudgetMonthTableDataSource.swift in Sources */ = {isa = PBXBuildFile; fileRef = D06C648721421BF9000EF618 /* BudgetMonthTableDataSource.swift */; };
		D0AA34412173D3BF00E8A973 /* RegisterViewDataSourceFilter.swift in Sources */ = {isa = PBXBuildFile; fileRef = D0AA34362172693200E8A973 /* RegisterViewDataSourceFilter.swift */; };
		D0AA34422173D43500E8A973 /* YNABTransactionImporter.swift in Sources */ = {isa = PBXBuildFile; fileRef = D06C648F21432CD3000EF618 /* YNABTransactionImporter.swift */; };
		D0AA34452173D51900E8A973 /* YDNDatabase.swift in Sources */ = {isa = PBXBuildFile; fileRef = D0AA34442173D51900E8A973 /* YDNDatabase.swift */; };
		D0AA344A2175908A00E8A973 /* BudgetMasterCategory+Queries.swift in Sources */ = {isa = PBXBuildFile; fileRef = D0AA34492175908A00E8A973 /* BudgetMasterCategory+Queries.swift */; };
		D0AA344C2175A11000E8A973 /* BudgetSubCategory+Queries.swift in Sources */ = {isa = PBXBuildFile; fileRef = D0AA344B2175A11000E8A973 /* BudgetSubCategory+Queries.swift */; };
		D0AD2DCF21AB1EA9009A62FA /* YDNTableView.swift in Sources */ = {isa = PBXBuildFile; fileRef = D0AD2DCE21AB1EA9009A62FA /* YDNTableView.swift */; };
		D0CE3BDE213C359300798CF5 /* StackedSelectionView.swift in Sources */ = {isa = PBXBuildFile; fileRef = D0CE3BDD213C359300798CF5 /* StackedSelectionView.swift */; };
		D0CE3BE3213F6B7B00798CF5 /* BudgetOverviewView.swift in Sources */ = {isa = PBXBuildFile; fileRef = D0CE3BE2213F6B7B00798CF5 /* BudgetOverviewView.swift */; };
		D0CE3BE5213F728C00798CF5 /* main.swift in Sources */ = {isa = PBXBuildFile; fileRef = D0CE3BE4213F728C00798CF5 /* main.swift */; };
		D0CE3BE9213F7B7500798CF5 /* BudgetMonthSheetViewController.swift in Sources */ = {isa = PBXBuildFile; fileRef = D0CE3BE8213F7B7500798CF5 /* BudgetMonthSheetViewController.swift */; };
		D0CE3BEB213F7B8200798CF5 /* BudgetMonthSheetView.swift in Sources */ = {isa = PBXBuildFile; fileRef = D0CE3BEA213F7B8200798CF5 /* BudgetMonthSheetView.swift */; };
		D0CE3BED213F7C4A00798CF5 /* BudgetMonthSummaryView.swift in Sources */ = {isa = PBXBuildFile; fileRef = D0CE3BEC213F7C4A00798CF5 /* BudgetMonthSummaryView.swift */; };
		D0E4E3CD21433671006B4F6E /* BudgetMasterCategory.swift in Sources */ = {isa = PBXBuildFile; fileRef = D0E4E3CC21433671006B4F6E /* BudgetMasterCategory.swift */; };
		D0E4E3CF214336B7006B4F6E /* BudgetSubcategory.swift in Sources */ = {isa = PBXBuildFile; fileRef = D0E4E3CE214336B7006B4F6E /* BudgetSubcategory.swift */; };
		D0E4E3D1214336F1006B4F6E /* BudgetLine.swift in Sources */ = {isa = PBXBuildFile; fileRef = D0E4E3D0214336F1006B4F6E /* BudgetLine.swift */; };
		D0E4E3D3214349A7006B4F6E /* Account.swift in Sources */ = {isa = PBXBuildFile; fileRef = D0E4E3D2214349A7006B4F6E /* Account.swift */; };
		D0E4E3D521434A59006B4F6E /* Payee.swift in Sources */ = {isa = PBXBuildFile; fileRef = D0E4E3D421434A59006B4F6E /* Payee.swift */; };
		D0E4E3D721434A67006B4F6E /* Transaction.swift in Sources */ = {isa = PBXBuildFile; fileRef = D0E4E3D621434A67006B4F6E /* Transaction.swift */; };
		D0E4E3D9214355BC006B4F6E /* MenuBar.swift in Sources */ = {isa = PBXBuildFile; fileRef = D0E4E3D8214355BC006B4F6E /* MenuBar.swift */; };
		D0E4E3DB214369FC006B4F6E /* BudgetMonthCurrencyTableCellView.swift in Sources */ = {isa = PBXBuildFile; fileRef = D0E4E3DA214369FC006B4F6E /* BudgetMonthCurrencyTableCellView.swift */; };
		D0E4E3DD21439151006B4F6E /* NSView+Extensions.swift in Sources */ = {isa = PBXBuildFile; fileRef = D0E4E3DC21439151006B4F6E /* NSView+Extensions.swift */; };
		D0E4E3DF21445853006B4F6E /* DraggableSeparatorView.swift in Sources */ = {isa = PBXBuildFile; fileRef = D0E4E3DE21445853006B4F6E /* DraggableSeparatorView.swift */; };
		D0E4E3E2214459B7006B4F6E /* BudgetCategoriesViewController.swift in Sources */ = {isa = PBXBuildFile; fileRef = D0E4E3E1214459B7006B4F6E /* BudgetCategoriesViewController.swift */; };
		D0E4E3E4214459C6006B4F6E /* BudgetCategoriesView.swift in Sources */ = {isa = PBXBuildFile; fileRef = D0E4E3E3214459C6006B4F6E /* BudgetCategoriesView.swift */; };
		D0E4E3E9214587D2006B4F6E /* DateUtils.swift in Sources */ = {isa = PBXBuildFile; fileRef = D0E4E3E8214587D2006B4F6E /* DateUtils.swift */; };
		D0E4E3EC214D935F006B4F6E /* RegisterViewController.swift in Sources */ = {isa = PBXBuildFile; fileRef = D0E4E3EB214D935F006B4F6E /* RegisterViewController.swift */; };
		D0E4E3EE214D9D5A006B4F6E /* RegisterView.swift in Sources */ = {isa = PBXBuildFile; fileRef = D0E4E3ED214D9D5A006B4F6E /* RegisterView.swift */; };
		D0E4E3F0214DA15F006B4F6E /* NSTableView+Extensions.swift in Sources */ = {isa = PBXBuildFile; fileRef = D0E4E3EF214DA15F006B4F6E /* NSTableView+Extensions.swift */; };
		D0E4E3F4214DA93F006B4F6E /* RegisterCell.swift in Sources */ = {isa = PBXBuildFile; fileRef = D0E4E3F3214DA93F006B4F6E /* RegisterCell.swift */; };
		D0E4E3F6214EFBD5006B4F6E /* YDNOutlineView.swift in Sources */ = {isa = PBXBuildFile; fileRef = D0E4E3F5214EFBD5006B4F6E /* YDNOutlineView.swift */; };
		D0E4E3F8214F0A71006B4F6E /* NSTableCellView+Extensions.swift in Sources */ = {isa = PBXBuildFile; fileRef = D0E4E3F7214F0A71006B4F6E /* NSTableCellView+Extensions.swift */; };
		D0E4E3FA214F13AC006B4F6E /* RegisterRowView.swift in Sources */ = {isa = PBXBuildFile; fileRef = D0E4E3F9214F13AC006B4F6E /* RegisterRowView.swift */; };
/* End PBXBuildFile section */

/* Begin PBXFileReference section */
		373F56684FA28CD7D37ECB5F /* Pods-YDNYNAB.release.xcconfig */ = {isa = PBXFileReference; includeInIndex = 1; lastKnownFileType = text.xcconfig; name = "Pods-YDNYNAB.release.xcconfig"; path = "Target Support Files/Pods-YDNYNAB/Pods-YDNYNAB.release.xcconfig"; sourceTree = "<group>"; };
		43DFDDD400B8EF8D02A606A2 /* Pods_YDNYNAB.framework */ = {isa = PBXFileReference; explicitFileType = wrapper.framework; includeInIndex = 0; path = Pods_YDNYNAB.framework; sourceTree = BUILT_PRODUCTS_DIR; };
		D04FB0E521509E41008880B7 /* Theme.swift */ = {isa = PBXFileReference; lastKnownFileType = sourcecode.swift; path = Theme.swift; sourceTree = "<group>"; };
		D04FB0E82151F2BC008880B7 /* YDNTextField.swift */ = {isa = PBXFileReference; lastKnownFileType = sourcecode.swift; path = YDNTextField.swift; sourceTree = "<group>"; };
		D04FB0EA215DC069008880B7 /* Toaster.swift */ = {isa = PBXFileReference; lastKnownFileType = sourcecode.swift; path = Toaster.swift; sourceTree = "<group>"; };
		D0510576213B5C3F008133B5 /* YDNYNAB.app */ = {isa = PBXFileReference; explicitFileType = wrapper.application; includeInIndex = 0; path = YDNYNAB.app; sourceTree = BUILT_PRODUCTS_DIR; };
		D0510579213B5C3F008133B5 /* AppDelegate.swift */ = {isa = PBXFileReference; lastKnownFileType = sourcecode.swift; path = AppDelegate.swift; sourceTree = "<group>"; };
		D051057B213B5C40008133B5 /* Assets.xcassets */ = {isa = PBXFileReference; lastKnownFileType = folder.assetcatalog; path = Assets.xcassets; sourceTree = "<group>"; };
		D0510580213B5C40008133B5 /* Info.plist */ = {isa = PBXFileReference; lastKnownFileType = text.plist.xml; path = Info.plist; sourceTree = "<group>"; };
		D0510581213B5C40008133B5 /* YDNYNAB.entitlements */ = {isa = PBXFileReference; lastKnownFileType = text.plist.entitlements; path = YDNYNAB.entitlements; sourceTree = "<group>"; };
		D0510587213B6230008133B5 /* MainSplitViewController.swift */ = {isa = PBXFileReference; lastKnownFileType = sourcecode.swift; path = MainSplitViewController.swift; sourceTree = "<group>"; };
		D0510589213B6A34008133B5 /* BudgetOverviewViewController.swift */ = {isa = PBXFileReference; lastKnownFileType = sourcecode.swift; path = BudgetOverviewViewController.swift; sourceTree = "<group>"; };
		D051058F213B6CAB008133B5 /* SidebarViewController.swift */ = {isa = PBXFileReference; lastKnownFileType = sourcecode.swift; path = SidebarViewController.swift; sourceTree = "<group>"; };
		D06C648321420667000EF618 /* BudgetMonthTotalsView.swift */ = {isa = PBXFileReference; lastKnownFileType = sourcecode.swift; path = BudgetMonthTotalsView.swift; sourceTree = "<group>"; };
		D06C648521421004000EF618 /* MainSplitViewControllerView.swift */ = {isa = PBXFileReference; lastKnownFileType = sourcecode.swift; path = MainSplitViewControllerView.swift; sourceTree = "<group>"; };
		D06C648721421BF9000EF618 /* BudgetMonthTableDataSource.swift */ = {isa = PBXFileReference; lastKnownFileType = sourcecode.swift; path = BudgetMonthTableDataSource.swift; sourceTree = "<group>"; };
		D06C648921421D0F000EF618 /* BudgetMonthTableRowView.swift */ = {isa = PBXFileReference; lastKnownFileType = sourcecode.swift; path = BudgetMonthTableRowView.swift; sourceTree = "<group>"; };
		D06C648D21432CC9000EF618 /* YNABBudgetImporter.swift */ = {isa = PBXFileReference; lastKnownFileType = sourcecode.swift; path = YNABBudgetImporter.swift; sourceTree = "<group>"; };
		D06C648F21432CD3000EF618 /* YNABTransactionImporter.swift */ = {isa = PBXFileReference; lastKnownFileType = sourcecode.swift; path = YNABTransactionImporter.swift; sourceTree = "<group>"; };
		D0AA34362172693200E8A973 /* RegisterViewDataSourceFilter.swift */ = {isa = PBXFileReference; lastKnownFileType = sourcecode.swift; path = RegisterViewDataSourceFilter.swift; sourceTree = "<group>"; };
		D0AA343921727BC100E8A973 /* Hoverable.swift */ = {isa = PBXFileReference; lastKnownFileType = sourcecode.swift; path = Hoverable.swift; sourceTree = "<group>"; };
		D0AA34442173D51900E8A973 /* YDNDatabase.swift */ = {isa = PBXFileReference; lastKnownFileType = sourcecode.swift; path = YDNDatabase.swift; sourceTree = "<group>"; };
		D0AA34492175908A00E8A973 /* BudgetMasterCategory+Queries.swift */ = {isa = PBXFileReference; lastKnownFileType = sourcecode.swift; path = "BudgetMasterCategory+Queries.swift"; sourceTree = "<group>"; };
		D0AA344B2175A11000E8A973 /* BudgetSubCategory+Queries.swift */ = {isa = PBXFileReference; lastKnownFileType = sourcecode.swift; path = "BudgetSubCategory+Queries.swift"; sourceTree = "<group>"; };
		D0AD2DCE21AB1EA9009A62FA /* YDNTableView.swift */ = {isa = PBXFileReference; lastKnownFileType = sourcecode.swift; path = YDNTableView.swift; sourceTree = "<group>"; };
		D0CE3BDD213C359300798CF5 /* StackedSelectionView.swift */ = {isa = PBXFileReference; lastKnownFileType = sourcecode.swift; path = StackedSelectionView.swift; sourceTree = "<group>"; };
		D0CE3BE2213F6B7B00798CF5 /* BudgetOverviewView.swift */ = {isa = PBXFileReference; lastKnownFileType = sourcecode.swift; path = BudgetOverviewView.swift; sourceTree = "<group>"; };
		D0CE3BE4213F728C00798CF5 /* main.swift */ = {isa = PBXFileReference; lastKnownFileType = sourcecode.swift; path = main.swift; sourceTree = "<group>"; };
		D0CE3BE8213F7B7500798CF5 /* BudgetMonthSheetViewController.swift */ = {isa = PBXFileReference; lastKnownFileType = sourcecode.swift; path = BudgetMonthSheetViewController.swift; sourceTree = "<group>"; };
		D0CE3BEA213F7B8200798CF5 /* BudgetMonthSheetView.swift */ = {isa = PBXFileReference; lastKnownFileType = sourcecode.swift; path = BudgetMonthSheetView.swift; sourceTree = "<group>"; };
		D0CE3BEC213F7C4A00798CF5 /* BudgetMonthSummaryView.swift */ = {isa = PBXFileReference; lastKnownFileType = sourcecode.swift; path = BudgetMonthSummaryView.swift; sourceTree = "<group>"; };
		D0E4E3CC21433671006B4F6E /* BudgetMasterCategory.swift */ = {isa = PBXFileReference; lastKnownFileType = sourcecode.swift; path = BudgetMasterCategory.swift; sourceTree = "<group>"; };
		D0E4E3CE214336B7006B4F6E /* BudgetSubcategory.swift */ = {isa = PBXFileReference; lastKnownFileType = sourcecode.swift; path = BudgetSubcategory.swift; sourceTree = "<group>"; };
		D0E4E3D0214336F1006B4F6E /* BudgetLine.swift */ = {isa = PBXFileReference; lastKnownFileType = sourcecode.swift; path = BudgetLine.swift; sourceTree = "<group>"; };
		D0E4E3D2214349A7006B4F6E /* Account.swift */ = {isa = PBXFileReference; lastKnownFileType = sourcecode.swift; path = Account.swift; sourceTree = "<group>"; };
		D0E4E3D421434A59006B4F6E /* Payee.swift */ = {isa = PBXFileReference; lastKnownFileType = sourcecode.swift; path = Payee.swift; sourceTree = "<group>"; };
		D0E4E3D621434A67006B4F6E /* Transaction.swift */ = {isa = PBXFileReference; lastKnownFileType = sourcecode.swift; path = Transaction.swift; sourceTree = "<group>"; };
		D0E4E3D8214355BC006B4F6E /* MenuBar.swift */ = {isa = PBXFileReference; lastKnownFileType = sourcecode.swift; path = MenuBar.swift; sourceTree = "<group>"; };
		D0E4E3DA214369FC006B4F6E /* BudgetMonthCurrencyTableCellView.swift */ = {isa = PBXFileReference; lastKnownFileType = sourcecode.swift; path = BudgetMonthCurrencyTableCellView.swift; sourceTree = "<group>"; };
		D0E4E3DC21439151006B4F6E /* NSView+Extensions.swift */ = {isa = PBXFileReference; lastKnownFileType = sourcecode.swift; path = "NSView+Extensions.swift"; sourceTree = "<group>"; };
		D0E4E3DE21445853006B4F6E /* DraggableSeparatorView.swift */ = {isa = PBXFileReference; lastKnownFileType = sourcecode.swift; path = DraggableSeparatorView.swift; sourceTree = "<group>"; };
		D0E4E3E1214459B7006B4F6E /* BudgetCategoriesViewController.swift */ = {isa = PBXFileReference; lastKnownFileType = sourcecode.swift; path = BudgetCategoriesViewController.swift; sourceTree = "<group>"; };
		D0E4E3E3214459C6006B4F6E /* BudgetCategoriesView.swift */ = {isa = PBXFileReference; lastKnownFileType = sourcecode.swift; path = BudgetCategoriesView.swift; sourceTree = "<group>"; };
		D0E4E3E5214469A8006B4F6E /* BudgetCategoriesViewDataSource.swift */ = {isa = PBXFileReference; lastKnownFileType = sourcecode.swift; path = BudgetCategoriesViewDataSource.swift; sourceTree = "<group>"; };
		D0E4E3E8214587D2006B4F6E /* DateUtils.swift */ = {isa = PBXFileReference; lastKnownFileType = sourcecode.swift; path = DateUtils.swift; sourceTree = "<group>"; };
		D0E4E3EB214D935F006B4F6E /* RegisterViewController.swift */ = {isa = PBXFileReference; lastKnownFileType = sourcecode.swift; path = RegisterViewController.swift; sourceTree = "<group>"; };
		D0E4E3ED214D9D5A006B4F6E /* RegisterView.swift */ = {isa = PBXFileReference; lastKnownFileType = sourcecode.swift; path = RegisterView.swift; sourceTree = "<group>"; };
		D0E4E3EF214DA15F006B4F6E /* NSTableView+Extensions.swift */ = {isa = PBXFileReference; lastKnownFileType = sourcecode.swift; path = "NSTableView+Extensions.swift"; sourceTree = "<group>"; };
		D0E4E3F1214DA22A006B4F6E /* RegisterViewDataSource.swift */ = {isa = PBXFileReference; lastKnownFileType = sourcecode.swift; path = RegisterViewDataSource.swift; sourceTree = "<group>"; };
		D0E4E3F3214DA93F006B4F6E /* RegisterCell.swift */ = {isa = PBXFileReference; lastKnownFileType = sourcecode.swift; path = RegisterCell.swift; sourceTree = "<group>"; };
		D0E4E3F5214EFBD5006B4F6E /* YDNOutlineView.swift */ = {isa = PBXFileReference; lastKnownFileType = sourcecode.swift; path = YDNOutlineView.swift; sourceTree = "<group>"; };
		D0E4E3F7214F0A71006B4F6E /* NSTableCellView+Extensions.swift */ = {isa = PBXFileReference; lastKnownFileType = sourcecode.swift; path = "NSTableCellView+Extensions.swift"; sourceTree = "<group>"; };
		D0E4E3F9214F13AC006B4F6E /* RegisterRowView.swift */ = {isa = PBXFileReference; lastKnownFileType = sourcecode.swift; path = RegisterRowView.swift; sourceTree = "<group>"; };
		DEA211A51857BAB23CEA0513 /* Pods-YDNYNAB.debug.xcconfig */ = {isa = PBXFileReference; includeInIndex = 1; lastKnownFileType = text.xcconfig; name = "Pods-YDNYNAB.debug.xcconfig"; path = "Target Support Files/Pods-YDNYNAB/Pods-YDNYNAB.debug.xcconfig"; sourceTree = "<group>"; };
/* End PBXFileReference section */

/* Begin PBXFrameworksBuildPhase section */
		D0510573213B5C3F008133B5 /* Frameworks */ = {
			isa = PBXFrameworksBuildPhase;
			buildActionMask = 2147483647;
			files = (
				12F93AD13E332F4909EBBC15 /* Pods_YDNYNAB.framework in Frameworks */,
			);
			runOnlyForDeploymentPostprocessing = 0;
		};
/* End PBXFrameworksBuildPhase section */

/* Begin PBXGroup section */
		6D497F3165AF91A06EBC673B /* Pods */ = {
			isa = PBXGroup;
			children = (
				DEA211A51857BAB23CEA0513 /* Pods-YDNYNAB.debug.xcconfig */,
				373F56684FA28CD7D37ECB5F /* Pods-YDNYNAB.release.xcconfig */,
			);
			path = Pods;
			sourceTree = "<group>";
		};
		CF4F54856648FF8521EF5EC7 /* Frameworks */ = {
			isa = PBXGroup;
			children = (
				43DFDDD400B8EF8D02A606A2 /* Pods_YDNYNAB.framework */,
			);
			name = Frameworks;
			sourceTree = "<group>";
		};
		D04FB0E72151F2A0008880B7 /* Controls */ = {
			isa = PBXGroup;
			children = (
				D04FB0E82151F2BC008880B7 /* YDNTextField.swift */,
			);
			path = Controls;
			sourceTree = "<group>";
		};
		D051056D213B5C3F008133B5 = {
			isa = PBXGroup;
			children = (
				D0510578213B5C3F008133B5 /* YDNYNAB */,
				D06C648B21432C69000EF618 /* Supporting */,
				D0510577213B5C3F008133B5 /* Products */,
				6D497F3165AF91A06EBC673B /* Pods */,
				CF4F54856648FF8521EF5EC7 /* Frameworks */,
			);
			sourceTree = "<group>";
		};
		D0510577213B5C3F008133B5 /* Products */ = {
			isa = PBXGroup;
			children = (
				D0510576213B5C3F008133B5 /* YDNYNAB.app */,
			);
			name = Products;
			sourceTree = "<group>";
		};
		D0510578213B5C3F008133B5 /* YDNYNAB */ = {
			isa = PBXGroup;
			children = (
				D0AA34432173D50C00E8A973 /* DB */,
				D0AA343821727BAD00E8A973 /* Protocols */,
				D0E4E3CB21433640006B4F6E /* Model */,
				D06C648C21432C87000EF618 /* YNAB Importer */,
				D0CE3BDC213C2F5300798CF5 /* Sidebar */,
				D0CE3BE6213F7B4200798CF5 /* Budget Overview */,
				D0E4E3EA214D933D006B4F6E /* Register */,
				D0E4E3E7214587C6006B4F6E /* Utils */,
				D04FB0E72151F2A0008880B7 /* Controls */,
				D0CE3BDF213C375E00798CF5 /* Extensions */,
				D0510579213B5C3F008133B5 /* AppDelegate.swift */,
				D0E4E3D8214355BC006B4F6E /* MenuBar.swift */,
				D0E4E3F5214EFBD5006B4F6E /* YDNOutlineView.swift */,
				D0AD2DCE21AB1EA9009A62FA /* YDNTableView.swift */,
				D0510587213B6230008133B5 /* MainSplitViewController.swift */,
				D06C648521421004000EF618 /* MainSplitViewControllerView.swift */,
			);
			path = YDNYNAB;
			sourceTree = "<group>";
		};
		D06C648B21432C69000EF618 /* Supporting */ = {
			isa = PBXGroup;
			children = (
				D0CE3BE4213F728C00798CF5 /* main.swift */,
				D051057B213B5C40008133B5 /* Assets.xcassets */,
				D0510580213B5C40008133B5 /* Info.plist */,
				D0510581213B5C40008133B5 /* YDNYNAB.entitlements */,
			);
			path = Supporting;
			sourceTree = "<group>";
		};
		D06C648C21432C87000EF618 /* YNAB Importer */ = {
			isa = PBXGroup;
			children = (
				D06C648D21432CC9000EF618 /* YNABBudgetImporter.swift */,
				D06C648F21432CD3000EF618 /* YNABTransactionImporter.swift */,
			);
			path = "YNAB Importer";
			sourceTree = "<group>";
		};
		D0AA343821727BAD00E8A973 /* Protocols */ = {
			isa = PBXGroup;
			children = (
				D0AA343921727BC100E8A973 /* Hoverable.swift */,
			);
			path = Protocols;
			sourceTree = "<group>";
		};
		D0AA34432173D50C00E8A973 /* DB */ = {
			isa = PBXGroup;
			children = (
				D0AA34482175906F00E8A973 /* Queries */,
				D0AA34442173D51900E8A973 /* YDNDatabase.swift */,
			);
			path = DB;
			sourceTree = "<group>";
		};
		D0AA34482175906F00E8A973 /* Queries */ = {
			isa = PBXGroup;
			children = (
				D0AA34492175908A00E8A973 /* BudgetMasterCategory+Queries.swift */,
				D0AA344B2175A11000E8A973 /* BudgetSubCategory+Queries.swift */,
			);
			path = Queries;
			sourceTree = "<group>";
		};
		D0CE3BDC213C2F5300798CF5 /* Sidebar */ = {
			isa = PBXGroup;
			children = (
				D051058F213B6CAB008133B5 /* SidebarViewController.swift */,
				D0CE3BDD213C359300798CF5 /* StackedSelectionView.swift */,
			);
			path = Sidebar;
			sourceTree = "<group>";
		};
		D0CE3BDF213C375E00798CF5 /* Extensions */ = {
			isa = PBXGroup;
			children = (
				D0E4E3DC21439151006B4F6E /* NSView+Extensions.swift */,
				D0E4E3EF214DA15F006B4F6E /* NSTableView+Extensions.swift */,
				D0E4E3F7214F0A71006B4F6E /* NSTableCellView+Extensions.swift */,
			);
			path = Extensions;
			sourceTree = "<group>";
		};
		D0CE3BE6213F7B4200798CF5 /* Budget Overview */ = {
			isa = PBXGroup;
			children = (
				D0E4E3E02144597D006B4F6E /* Categories pane */,
				D0CE3BE7213F7B5700798CF5 /* Month sheet */,
				D0E4E3DE21445853006B4F6E /* DraggableSeparatorView.swift */,
				D0510589213B6A34008133B5 /* BudgetOverviewViewController.swift */,
				D0CE3BE2213F6B7B00798CF5 /* BudgetOverviewView.swift */,
			);
			path = "Budget Overview";
			sourceTree = "<group>";
		};
		D0CE3BE7213F7B5700798CF5 /* Month sheet */ = {
			isa = PBXGroup;
			children = (
				D0CE3BE8213F7B7500798CF5 /* BudgetMonthSheetViewController.swift */,
				D0CE3BEA213F7B8200798CF5 /* BudgetMonthSheetView.swift */,
				D06C648321420667000EF618 /* BudgetMonthTotalsView.swift */,
				D0CE3BEC213F7C4A00798CF5 /* BudgetMonthSummaryView.swift */,
				D06C648721421BF9000EF618 /* BudgetMonthTableDataSource.swift */,
				D06C648921421D0F000EF618 /* BudgetMonthTableRowView.swift */,
				D0E4E3DA214369FC006B4F6E /* BudgetMonthCurrencyTableCellView.swift */,
			);
			path = "Month sheet";
			sourceTree = "<group>";
		};
		D0E4E3CB21433640006B4F6E /* Model */ = {
			isa = PBXGroup;
			children = (
				D0E4E3CC21433671006B4F6E /* BudgetMasterCategory.swift */,
				D0E4E3CE214336B7006B4F6E /* BudgetSubcategory.swift */,
				D0E4E3D0214336F1006B4F6E /* BudgetLine.swift */,
				D0E4E3D2214349A7006B4F6E /* Account.swift */,
				D0E4E3D421434A59006B4F6E /* Payee.swift */,
				D0E4E3D621434A67006B4F6E /* Transaction.swift */,
			);
			path = Model;
			sourceTree = "<group>";
		};
		D0E4E3E02144597D006B4F6E /* Categories pane */ = {
			isa = PBXGroup;
			children = (
				D0E4E3E1214459B7006B4F6E /* BudgetCategoriesViewController.swift */,
				D0E4E3E3214459C6006B4F6E /* BudgetCategoriesView.swift */,
				D0E4E3E5214469A8006B4F6E /* BudgetCategoriesViewDataSource.swift */,
			);
			path = "Categories pane";
			sourceTree = "<group>";
		};
		D0E4E3E7214587C6006B4F6E /* Utils */ = {
			isa = PBXGroup;
			children = (
				D0E4E3E8214587D2006B4F6E /* DateUtils.swift */,
				D04FB0E521509E41008880B7 /* Theme.swift */,
				D04FB0EA215DC069008880B7 /* Toaster.swift */,
			);
			path = Utils;
			sourceTree = "<group>";
		};
		D0E4E3EA214D933D006B4F6E /* Register */ = {
			isa = PBXGroup;
			children = (
				D0E4E3ED214D9D5A006B4F6E /* RegisterView.swift */,
				D0E4E3EB214D935F006B4F6E /* RegisterViewController.swift */,
				D0E4E3F1214DA22A006B4F6E /* RegisterViewDataSource.swift */,
				D0AA34362172693200E8A973 /* RegisterViewDataSourceFilter.swift */,
				D0E4E3F3214DA93F006B4F6E /* RegisterCell.swift */,
				D0E4E3F9214F13AC006B4F6E /* RegisterRowView.swift */,
			);
			path = Register;
			sourceTree = "<group>";
		};
/* End PBXGroup section */

/* Begin PBXNativeTarget section */
		D0510575213B5C3F008133B5 /* YDNYNAB */ = {
			isa = PBXNativeTarget;
			buildConfigurationList = D0510584213B5C40008133B5 /* Build configuration list for PBXNativeTarget "YDNYNAB" */;
			buildPhases = (
				7D9247CA2E786233AF3E40F8 /* [CP] Check Pods Manifest.lock */,
				D0510572213B5C3F008133B5 /* Sources */,
				D0510573213B5C3F008133B5 /* Frameworks */,
				D0510574213B5C3F008133B5 /* Resources */,
				5CBC883533380C5CD2E64196 /* [CP] Embed Pods Frameworks */,
			);
			buildRules = (
			);
			dependencies = (
			);
			name = YDNYNAB;
			productName = YDNYNAB;
			productReference = D0510576213B5C3F008133B5 /* YDNYNAB.app */;
			productType = "com.apple.product-type.application";
		};
/* End PBXNativeTarget section */

/* Begin PBXProject section */
		D051056E213B5C3F008133B5 /* Project object */ = {
			isa = PBXProject;
			attributes = {
				CLASSPREFIX = YDN;
				LastSwiftUpdateCheck = 1000;
				LastUpgradeCheck = 1000;
				ORGANIZATIONNAME = "Justin Hill";
				TargetAttributes = {
					D0510575213B5C3F008133B5 = {
						CreatedOnToolsVersion = 10.0;
						ProvisioningStyle = Automatic;
					};
				};
			};
			buildConfigurationList = D0510571213B5C3F008133B5 /* Build configuration list for PBXProject "YDNYNAB" */;
			compatibilityVersion = "Xcode 10.0";
			developmentRegion = en;
			hasScannedForEncodings = 0;
			knownRegions = (
				en,
				Base,
			);
			mainGroup = D051056D213B5C3F008133B5;
			productRefGroup = D0510577213B5C3F008133B5 /* Products */;
			projectDirPath = "";
			projectRoot = "";
			targets = (
				D0510575213B5C3F008133B5 /* YDNYNAB */,
			);
		};
/* End PBXProject section */

/* Begin PBXResourcesBuildPhase section */
		D0510574213B5C3F008133B5 /* Resources */ = {
			isa = PBXResourcesBuildPhase;
			buildActionMask = 2147483647;
			files = (
				D051057C213B5C40008133B5 /* Assets.xcassets in Resources */,
			);
			runOnlyForDeploymentPostprocessing = 0;
		};
/* End PBXResourcesBuildPhase section */

/* Begin PBXShellScriptBuildPhase section */
		5CBC883533380C5CD2E64196 /* [CP] Embed Pods Frameworks */ = {
			isa = PBXShellScriptBuildPhase;
			buildActionMask = 2147483647;
			files = (
			);
			inputFileListPaths = (
			);
			inputPaths = (
				"${PODS_ROOT}/Target Support Files/Pods-YDNYNAB/Pods-YDNYNAB-frameworks.sh",
				"${BUILT_PRODUCTS_DIR}/GRDB.swift/GRDB.framework",
				"${BUILT_PRODUCTS_DIR}/SnapKit/SnapKit.framework",
			);
			name = "[CP] Embed Pods Frameworks";
			outputFileListPaths = (
			);
			outputPaths = (
				"${TARGET_BUILD_DIR}/${FRAMEWORKS_FOLDER_PATH}/GRDB.framework",
				"${TARGET_BUILD_DIR}/${FRAMEWORKS_FOLDER_PATH}/SnapKit.framework",
			);
			runOnlyForDeploymentPostprocessing = 0;
			shellPath = /bin/sh;
			shellScript = "\"${PODS_ROOT}/Target Support Files/Pods-YDNYNAB/Pods-YDNYNAB-frameworks.sh\"\n";
			showEnvVarsInLog = 0;
		};
		7D9247CA2E786233AF3E40F8 /* [CP] Check Pods Manifest.lock */ = {
			isa = PBXShellScriptBuildPhase;
			buildActionMask = 2147483647;
			files = (
			);
			inputFileListPaths = (
			);
			inputPaths = (
				"${PODS_PODFILE_DIR_PATH}/Podfile.lock",
				"${PODS_ROOT}/Manifest.lock",
			);
			name = "[CP] Check Pods Manifest.lock";
			outputFileListPaths = (
			);
			outputPaths = (
				"$(DERIVED_FILE_DIR)/Pods-YDNYNAB-checkManifestLockResult.txt",
			);
			runOnlyForDeploymentPostprocessing = 0;
			shellPath = /bin/sh;
			shellScript = "diff \"${PODS_PODFILE_DIR_PATH}/Podfile.lock\" \"${PODS_ROOT}/Manifest.lock\" > /dev/null\nif [ $? != 0 ] ; then\n    # print error to STDERR\n    echo \"error: The sandbox is not in sync with the Podfile.lock. Run 'pod install' or update your CocoaPods installation.\" >&2\n    exit 1\nfi\n# This output is used by Xcode 'outputs' to avoid re-running this script phase.\necho \"SUCCESS\" > \"${SCRIPT_OUTPUT_FILE_0}\"\n";
			showEnvVarsInLog = 0;
		};
/* End PBXShellScriptBuildPhase section */

/* Begin PBXSourcesBuildPhase section */
		D0510572213B5C3F008133B5 /* Sources */ = {
			isa = PBXSourcesBuildPhase;
			buildActionMask = 2147483647;
			files = (
				D0E4E3EE214D9D5A006B4F6E /* RegisterView.swift in Sources */,
				D0CE3BEB213F7B8200798CF5 /* BudgetMonthSheetView.swift in Sources */,
				D0E4E3E4214459C6006B4F6E /* BudgetCategoriesView.swift in Sources */,
				D0AA343E2173D2BC00E8A973 /* RegisterViewDataSource.swift in Sources */,
				D0E4E3F8214F0A71006B4F6E /* NSTableCellView+Extensions.swift in Sources */,
				D0CE3BE3213F6B7B00798CF5 /* BudgetOverviewView.swift in Sources */,
				D0E4E3D9214355BC006B4F6E /* MenuBar.swift in Sources */,
				D0E4E3E2214459B7006B4F6E /* BudgetCategoriesViewController.swift in Sources */,
				D0510588213B6230008133B5 /* MainSplitViewController.swift in Sources */,
				D0CE3BE5213F728C00798CF5 /* main.swift in Sources */,
				D0E4E3DB214369FC006B4F6E /* BudgetMonthCurrencyTableCellView.swift in Sources */,
				D051058A213B6A34008133B5 /* BudgetOverviewViewController.swift in Sources */,
				D0E4E3E9214587D2006B4F6E /* DateUtils.swift in Sources */,
				D06C648421420667000EF618 /* BudgetMonthTotalsView.swift in Sources */,
				D0CE3BE9213F7B7500798CF5 /* BudgetMonthSheetViewController.swift in Sources */,
				D06C648A21421D0F000EF618 /* BudgetMonthTableRowView.swift in Sources */,
				D051057A213B5C3F008133B5 /* AppDelegate.swift in Sources */,
				D0AA344A2175908A00E8A973 /* BudgetMasterCategory+Queries.swift in Sources */,
				D0AD2DCF21AB1EA9009A62FA /* YDNTableView.swift in Sources */,
				D06C648E21432CC9000EF618 /* YNABBudgetImporter.swift in Sources */,
				D0AA34412173D3BF00E8A973 /* RegisterViewDataSourceFilter.swift in Sources */,
				D0E4E3DF21445853006B4F6E /* DraggableSeparatorView.swift in Sources */,
				D0CE3BDE213C359300798CF5 /* StackedSelectionView.swift in Sources */,
				D0AA34422173D43500E8A973 /* YNABTransactionImporter.swift in Sources */,
				D06C648621421004000EF618 /* MainSplitViewControllerView.swift in Sources */,
				D0E4E3CD21433671006B4F6E /* BudgetMasterCategory.swift in Sources */,
				D0E4E3FA214F13AC006B4F6E /* RegisterRowView.swift in Sources */,
				D0E4E3D721434A67006B4F6E /* Transaction.swift in Sources */,
				D0E4E3D521434A59006B4F6E /* Payee.swift in Sources */,
				D0E4E3F0214DA15F006B4F6E /* NSTableView+Extensions.swift in Sources */,
				D0E4E3F4214DA93F006B4F6E /* RegisterCell.swift in Sources */,
				D0AA34452173D51900E8A973 /* YDNDatabase.swift in Sources */,
				D0E4E3CF214336B7006B4F6E /* BudgetSubcategory.swift in Sources */,
				D04FB0E621509E41008880B7 /* Theme.swift in Sources */,
				D0AA34402173D36900E8A973 /* BudgetMonthTableDataSource.swift in Sources */,
				D0E4E3F6214EFBD5006B4F6E /* YDNOutlineView.swift in Sources */,
				D0CE3BED213F7C4A00798CF5 /* BudgetMonthSummaryView.swift in Sources */,
				D04FB0E92151F2BC008880B7 /* YDNTextField.swift in Sources */,
				D0510590213B6CAB008133B5 /* SidebarViewController.swift in Sources */,
				D0E4E3D1214336F1006B4F6E /* BudgetLine.swift in Sources */,
				D04FB0EB215DC069008880B7 /* Toaster.swift in Sources */,
				D0E4E3EC214D935F006B4F6E /* RegisterViewController.swift in Sources */,
				D0E4E3DD21439151006B4F6E /* NSView+Extensions.swift in Sources */,
				D0AA343A21727BC100E8A973 /* Hoverable.swift in Sources */,
				D0AA343F2173D32600E8A973 /* BudgetCategoriesViewDataSource.swift in Sources */,
				D0AA344C2175A11000E8A973 /* BudgetSubCategory+Queries.swift in Sources */,
				D0E4E3D3214349A7006B4F6E /* Account.swift in Sources */,
			);
			runOnlyForDeploymentPostprocessing = 0;
		};
/* End PBXSourcesBuildPhase section */

/* Begin XCBuildConfiguration section */
		D0510582213B5C40008133B5 /* Debug */ = {
			isa = XCBuildConfiguration;
			buildSettings = {
				ALWAYS_SEARCH_USER_PATHS = NO;
				CLANG_ANALYZER_NONNULL = YES;
				CLANG_ANALYZER_NUMBER_OBJECT_CONVERSION = YES_AGGRESSIVE;
				CLANG_CXX_LANGUAGE_STANDARD = "gnu++14";
				CLANG_CXX_LIBRARY = "libc++";
				CLANG_ENABLE_MODULES = YES;
				CLANG_ENABLE_OBJC_ARC = YES;
				CLANG_ENABLE_OBJC_WEAK = YES;
				CLANG_WARN_BLOCK_CAPTURE_AUTORELEASING = YES;
				CLANG_WARN_BOOL_CONVERSION = YES;
				CLANG_WARN_COMMA = YES;
				CLANG_WARN_CONSTANT_CONVERSION = YES;
				CLANG_WARN_DEPRECATED_OBJC_IMPLEMENTATIONS = YES;
				CLANG_WARN_DIRECT_OBJC_ISA_USAGE = YES_ERROR;
				CLANG_WARN_DOCUMENTATION_COMMENTS = YES;
				CLANG_WARN_EMPTY_BODY = YES;
				CLANG_WARN_ENUM_CONVERSION = YES;
				CLANG_WARN_INFINITE_RECURSION = YES;
				CLANG_WARN_INT_CONVERSION = YES;
				CLANG_WARN_NON_LITERAL_NULL_CONVERSION = YES;
				CLANG_WARN_OBJC_IMPLICIT_RETAIN_SELF = YES;
				CLANG_WARN_OBJC_LITERAL_CONVERSION = YES;
				CLANG_WARN_OBJC_ROOT_CLASS = YES_ERROR;
				CLANG_WARN_RANGE_LOOP_ANALYSIS = YES;
				CLANG_WARN_STRICT_PROTOTYPES = YES;
				CLANG_WARN_SUSPICIOUS_MOVE = YES;
				CLANG_WARN_UNGUARDED_AVAILABILITY = YES_AGGRESSIVE;
				CLANG_WARN_UNREACHABLE_CODE = YES;
				CLANG_WARN__DUPLICATE_METHOD_MATCH = YES;
				CODE_SIGN_IDENTITY = "Mac Developer";
				COPY_PHASE_STRIP = NO;
				DEBUG_INFORMATION_FORMAT = dwarf;
				ENABLE_STRICT_OBJC_MSGSEND = YES;
				ENABLE_TESTABILITY = YES;
				GCC_C_LANGUAGE_STANDARD = gnu11;
				GCC_DYNAMIC_NO_PIC = NO;
				GCC_NO_COMMON_BLOCKS = YES;
				GCC_OPTIMIZATION_LEVEL = 0;
				GCC_PREPROCESSOR_DEFINITIONS = (
					"DEBUG=1",
					"$(inherited)",
				);
				GCC_WARN_64_TO_32_BIT_CONVERSION = YES;
				GCC_WARN_ABOUT_RETURN_TYPE = YES_ERROR;
				GCC_WARN_UNDECLARED_SELECTOR = YES;
				GCC_WARN_UNINITIALIZED_AUTOS = YES_AGGRESSIVE;
				GCC_WARN_UNUSED_FUNCTION = YES;
				GCC_WARN_UNUSED_VARIABLE = YES;
				MACOSX_DEPLOYMENT_TARGET = 10.14;
				MTL_ENABLE_DEBUG_INFO = INCLUDE_SOURCE;
				MTL_FAST_MATH = YES;
				ONLY_ACTIVE_ARCH = YES;
				SDKROOT = macosx;
				SWIFT_ACTIVE_COMPILATION_CONDITIONS = DEBUG;
				SWIFT_OPTIMIZATION_LEVEL = "-Onone";
			};
			name = Debug;
		};
		D0510583213B5C40008133B5 /* Release */ = {
			isa = XCBuildConfiguration;
			buildSettings = {
				ALWAYS_SEARCH_USER_PATHS = NO;
				CLANG_ANALYZER_NONNULL = YES;
				CLANG_ANALYZER_NUMBER_OBJECT_CONVERSION = YES_AGGRESSIVE;
				CLANG_CXX_LANGUAGE_STANDARD = "gnu++14";
				CLANG_CXX_LIBRARY = "libc++";
				CLANG_ENABLE_MODULES = YES;
				CLANG_ENABLE_OBJC_ARC = YES;
				CLANG_ENABLE_OBJC_WEAK = YES;
				CLANG_WARN_BLOCK_CAPTURE_AUTORELEASING = YES;
				CLANG_WARN_BOOL_CONVERSION = YES;
				CLANG_WARN_COMMA = YES;
				CLANG_WARN_CONSTANT_CONVERSION = YES;
				CLANG_WARN_DEPRECATED_OBJC_IMPLEMENTATIONS = YES;
				CLANG_WARN_DIRECT_OBJC_ISA_USAGE = YES_ERROR;
				CLANG_WARN_DOCUMENTATION_COMMENTS = YES;
				CLANG_WARN_EMPTY_BODY = YES;
				CLANG_WARN_ENUM_CONVERSION = YES;
				CLANG_WARN_INFINITE_RECURSION = YES;
				CLANG_WARN_INT_CONVERSION = YES;
				CLANG_WARN_NON_LITERAL_NULL_CONVERSION = YES;
				CLANG_WARN_OBJC_IMPLICIT_RETAIN_SELF = YES;
				CLANG_WARN_OBJC_LITERAL_CONVERSION = YES;
				CLANG_WARN_OBJC_ROOT_CLASS = YES_ERROR;
				CLANG_WARN_RANGE_LOOP_ANALYSIS = YES;
				CLANG_WARN_STRICT_PROTOTYPES = YES;
				CLANG_WARN_SUSPICIOUS_MOVE = YES;
				CLANG_WARN_UNGUARDED_AVAILABILITY = YES_AGGRESSIVE;
				CLANG_WARN_UNREACHABLE_CODE = YES;
				CLANG_WARN__DUPLICATE_METHOD_MATCH = YES;
				CODE_SIGN_IDENTITY = "Mac Developer";
				COPY_PHASE_STRIP = NO;
				DEBUG_INFORMATION_FORMAT = "dwarf-with-dsym";
				ENABLE_NS_ASSERTIONS = NO;
				ENABLE_STRICT_OBJC_MSGSEND = YES;
				GCC_C_LANGUAGE_STANDARD = gnu11;
				GCC_NO_COMMON_BLOCKS = YES;
				GCC_WARN_64_TO_32_BIT_CONVERSION = YES;
				GCC_WARN_ABOUT_RETURN_TYPE = YES_ERROR;
				GCC_WARN_UNDECLARED_SELECTOR = YES;
				GCC_WARN_UNINITIALIZED_AUTOS = YES_AGGRESSIVE;
				GCC_WARN_UNUSED_FUNCTION = YES;
				GCC_WARN_UNUSED_VARIABLE = YES;
				MACOSX_DEPLOYMENT_TARGET = 10.14;
				MTL_ENABLE_DEBUG_INFO = NO;
				MTL_FAST_MATH = YES;
				SDKROOT = macosx;
				SWIFT_COMPILATION_MODE = wholemodule;
				SWIFT_OPTIMIZATION_LEVEL = "-O";
			};
			name = Release;
		};
		D0510585213B5C40008133B5 /* Debug */ = {
			isa = XCBuildConfiguration;
			baseConfigurationReference = DEA211A51857BAB23CEA0513 /* Pods-YDNYNAB.debug.xcconfig */;
			buildSettings = {
				ASSETCATALOG_COMPILER_APPICON_NAME = AppIcon;
				CODE_SIGN_ENTITLEMENTS = "${SRCROOT}/Supporting/YDNYNAB.entitlements";
				CODE_SIGN_STYLE = Automatic;
				COMBINE_HIDPI_IMAGES = YES;
				DEVELOPMENT_TEAM = N3MXL5AYEW;
				INFOPLIST_FILE = "$(SRCROOT)/Supporting/Info.plist";
				LD_RUNPATH_SEARCH_PATHS = (
					"$(inherited)",
					"@executable_path/../Frameworks",
				);
				MACOSX_DEPLOYMENT_TARGET = 10.12;
				PRODUCT_BUNDLE_IDENTIFIER = com.justinhill.YDNYNAB;
				PRODUCT_NAME = "$(TARGET_NAME)";
				SWIFT_VERSION = 4.2;
			};
			name = Debug;
		};
		D0510586213B5C40008133B5 /* Release */ = {
			isa = XCBuildConfiguration;
			baseConfigurationReference = 373F56684FA28CD7D37ECB5F /* Pods-YDNYNAB.release.xcconfig */;
			buildSettings = {
				ASSETCATALOG_COMPILER_APPICON_NAME = AppIcon;
				CODE_SIGN_ENTITLEMENTS = "${SRCROOT}/Supporting/YDNYNAB.entitlements";
				CODE_SIGN_STYLE = Automatic;
				COMBINE_HIDPI_IMAGES = YES;
				DEVELOPMENT_TEAM = N3MXL5AYEW;
				INFOPLIST_FILE = "$(SRCROOT)/Supporting/Info.plist";
				LD_RUNPATH_SEARCH_PATHS = (
					"$(inherited)",
					"@executable_path/../Frameworks",
				);
				MACOSX_DEPLOYMENT_TARGET = 10.12;
				PRODUCT_BUNDLE_IDENTIFIER = com.justinhill.YDNYNAB;
				PRODUCT_NAME = "$(TARGET_NAME)";
				SWIFT_VERSION = 4.2;
			};
			name = Release;
		};
/* End XCBuildConfiguration section */

/* Begin XCConfigurationList section */
		D0510571213B5C3F008133B5 /* Build configuration list for PBXProject "YDNYNAB" */ = {
			isa = XCConfigurationList;
			buildConfigurations = (
				D0510582213B5C40008133B5 /* Debug */,
				D0510583213B5C40008133B5 /* Release */,
			);
			defaultConfigurationIsVisible = 0;
			defaultConfigurationName = Release;
		};
		D0510584213B5C40008133B5 /* Build configuration list for PBXNativeTarget "YDNYNAB" */ = {
			isa = XCConfigurationList;
			buildConfigurations = (
				D0510585213B5C40008133B5 /* Debug */,
				D0510586213B5C40008133B5 /* Release */,
			);
			defaultConfigurationIsVisible = 0;
			defaultConfigurationName = Release;
		};
/* End XCConfigurationList section */
	};
	rootObject = D051056E213B5C3F008133B5 /* Project object */;
}
